Microsoft Visual Studio Solution File, Format Version 11.00
# Visual Studio 2010
Project("{8BC9CEB8-8B4A-11D0-8D11-00A0C91BC942}") = "prep", "ejs-windows\prep.vcxproj", "{DD2F712D-1E06-442D-86FC-B9B6AA01E666}"
EndProject
Project("{8BC9CEB8-8B4A-11D0-8D11-00A0C91BC942}") = "libmpr", "ejs-windows\libmpr.vcxproj", "{E8FBCA33-6AC8-44BC-BCC0-6EAD84F28C28}"
	ProjectSection(ProjectDependencies) = postProject
		{DD2F712D-1E06-442D-86FC-B9B6AA01E666} = {DD2F712D-1E06-442D-86FC-B9B6AA01E666}
	EndProjectSection
EndProject
Project("{8BC9CEB8-8B4A-11D0-8D11-00A0C91BC942}") = "libmprssl", "ejs-windows\libmprssl.vcxproj", "{32880E42-2AC9-4DD1-8766-9628B092FC61}"
	ProjectSection(ProjectDependencies) = postProject
		{DD2F712D-1E06-442D-86FC-B9B6AA01E666} = {DD2F712D-1E06-442D-86FC-B9B6AA01E666}
	EndProjectSection
	ProjectSection(ProjectDependencies) = postProject
		{E8FBCA33-6AC8-44BC-BCC0-6EAD84F28C28} = {E8FBCA33-6AC8-44BC-BCC0-6EAD84F28C28}
	EndProjectSection
EndProject
Project("{8BC9CEB8-8B4A-11D0-8D11-00A0C91BC942}") = "manager", "ejs-windows\manager.vcxproj", "{046A6FE0-C246-4793-93B1-760444E038BA}"
	ProjectSection(ProjectDependencies) = postProject
		{DD2F712D-1E06-442D-86FC-B9B6AA01E666} = {DD2F712D-1E06-442D-86FC-B9B6AA01E666}
	EndProjectSection
	ProjectSection(ProjectDependencies) = postProject
		{E8FBCA33-6AC8-44BC-BCC0-6EAD84F28C28} = {E8FBCA33-6AC8-44BC-BCC0-6EAD84F28C28}
	EndProjectSection
EndProject
Project("{8BC9CEB8-8B4A-11D0-8D11-00A0C91BC942}") = "makerom", "ejs-windows\makerom.vcxproj", "{A96BDF7F-09F0-4A60-A572-1FF7A1033C6A}"
	ProjectSection(ProjectDependencies) = postProject
		{DD2F712D-1E06-442D-86FC-B9B6AA01E666} = {DD2F712D-1E06-442D-86FC-B9B6AA01E666}
	EndProjectSection
	ProjectSection(ProjectDependencies) = postProject
		{E8FBCA33-6AC8-44BC-BCC0-6EAD84F28C28} = {E8FBCA33-6AC8-44BC-BCC0-6EAD84F28C28}
	EndProjectSection
EndProject
Project("{8BC9CEB8-8B4A-11D0-8D11-00A0C91BC942}") = "libpcre", "ejs-windows\libpcre.vcxproj", "{FE802650-68E4-4F82-BFE8-B9471D203202}"
	ProjectSection(ProjectDependencies) = postProject
		{DD2F712D-1E06-442D-86FC-B9B6AA01E666} = {DD2F712D-1E06-442D-86FC-B9B6AA01E666}
	EndProjectSection
EndProject
Project("{8BC9CEB8-8B4A-11D0-8D11-00A0C91BC942}") = "libhttp", "ejs-windows\libhttp.vcxproj", "{28924C0E-C0E2-4BC2-89EE-C5F6B7816557}"
	ProjectSection(ProjectDependencies) = postProject
		{DD2F712D-1E06-442D-86FC-B9B6AA01E666} = {DD2F712D-1E06-442D-86FC-B9B6AA01E666}
	EndProjectSection
	ProjectSection(ProjectDependencies) = postProject
		{E8FBCA33-6AC8-44BC-BCC0-6EAD84F28C28} = {E8FBCA33-6AC8-44BC-BCC0-6EAD84F28C28}
	EndProjectSection
	ProjectSection(ProjectDependencies) = postProject
		{FE802650-68E4-4F82-BFE8-B9471D203202} = {FE802650-68E4-4F82-BFE8-B9471D203202}
	EndProjectSection
	ProjectSection(ProjectDependencies) = postProject
		{32880E42-2AC9-4DD1-8766-9628B092FC61} = {32880E42-2AC9-4DD1-8766-9628B092FC61}
	EndProjectSection
EndProject
Project("{8BC9CEB8-8B4A-11D0-8D11-00A0C91BC942}") = "http", "ejs-windows\http.vcxproj", "{088D8C88-0D19-4188-9620-59DA238581F3}"
	ProjectSection(ProjectDependencies) = postProject
		{DD2F712D-1E06-442D-86FC-B9B6AA01E666} = {DD2F712D-1E06-442D-86FC-B9B6AA01E666}
	EndProjectSection
	ProjectSection(ProjectDependencies) = postProject
		{28924C0E-C0E2-4BC2-89EE-C5F6B7816557} = {28924C0E-C0E2-4BC2-89EE-C5F6B7816557}
	EndProjectSection
EndProject
Project("{8BC9CEB8-8B4A-11D0-8D11-00A0C91BC942}") = "libsqlite3", "ejs-windows\libsqlite3.vcxproj", "{E5ADCADE-0B89-4155-B99F-33F889738C03}"
	ProjectSection(ProjectDependencies) = postProject
		{DD2F712D-1E06-442D-86FC-B9B6AA01E666} = {DD2F712D-1E06-442D-86FC-B9B6AA01E666}
	EndProjectSection
EndProject
Project("{8BC9CEB8-8B4A-11D0-8D11-00A0C91BC942}") = "sqlite", "ejs-windows\sqlite.vcxproj", "{2EDBA562-EA39-45E9-AD68-014577E57E13}"
	ProjectSection(ProjectDependencies) = postProject
		{DD2F712D-1E06-442D-86FC-B9B6AA01E666} = {DD2F712D-1E06-442D-86FC-B9B6AA01E666}
	EndProjectSection
	ProjectSection(ProjectDependencies) = postProject
		{E5ADCADE-0B89-4155-B99F-33F889738C03} = {E5ADCADE-0B89-4155-B99F-33F889738C03}
	EndProjectSection
EndProject
Project("{8BC9CEB8-8B4A-11D0-8D11-00A0C91BC942}") = "libejs", "ejs-windows\libejs.vcxproj", "{006B9C39-A291-4AA4-B372-18AD7141592E}"
	ProjectSection(ProjectDependencies) = postProject
		{DD2F712D-1E06-442D-86FC-B9B6AA01E666} = {DD2F712D-1E06-442D-86FC-B9B6AA01E666}
	EndProjectSection
	ProjectSection(ProjectDependencies) = postProject
		{28924C0E-C0E2-4BC2-89EE-C5F6B7816557} = {28924C0E-C0E2-4BC2-89EE-C5F6B7816557}
	EndProjectSection
EndProject
Project("{8BC9CEB8-8B4A-11D0-8D11-00A0C91BC942}") = "ejs", "ejs-windows\ejs.vcxproj", "{831F82B3-3116-4567-9004-5833CCB6581E}"
	ProjectSection(ProjectDependencies) = postProject
		{DD2F712D-1E06-442D-86FC-B9B6AA01E666} = {DD2F712D-1E06-442D-86FC-B9B6AA01E666}
	EndProjectSection
	ProjectSection(ProjectDependencies) = postProject
		{006B9C39-A291-4AA4-B372-18AD7141592E} = {006B9C39-A291-4AA4-B372-18AD7141592E}
	EndProjectSection
EndProject
Project("{8BC9CEB8-8B4A-11D0-8D11-00A0C91BC942}") = "ejsc", "ejs-windows\ejsc.vcxproj", "{833CA139-6D61-48A2-A5B9-DB93C9F80D98}"
	ProjectSection(ProjectDependencies) = postProject
		{DD2F712D-1E06-442D-86FC-B9B6AA01E666} = {DD2F712D-1E06-442D-86FC-B9B6AA01E666}
	EndProjectSection
	ProjectSection(ProjectDependencies) = postProject
		{006B9C39-A291-4AA4-B372-18AD7141592E} = {006B9C39-A291-4AA4-B372-18AD7141592E}
	EndProjectSection
EndProject
Project("{8BC9CEB8-8B4A-11D0-8D11-00A0C91BC942}") = "ejsmod", "ejs-windows\ejsmod.vcxproj", "{C57C6E0E-7503-49B3-8FD2-1A8C796C3E14}"
	ProjectSection(ProjectDependencies) = postProject
		{DD2F712D-1E06-442D-86FC-B9B6AA01E666} = {DD2F712D-1E06-442D-86FC-B9B6AA01E666}
	EndProjectSection
	ProjectSection(ProjectDependencies) = postProject
		{006B9C39-A291-4AA4-B372-18AD7141592E} = {006B9C39-A291-4AA4-B372-18AD7141592E}
	EndProjectSection
EndProject
Project("{8BC9CEB8-8B4A-11D0-8D11-00A0C91BC942}") = "ejsrun", "ejs-windows\ejsrun.vcxproj", "{C287A52A-BCCF-4D9B-923F-578763EF2281}"
	ProjectSection(ProjectDependencies) = postProject
		{DD2F712D-1E06-442D-86FC-B9B6AA01E666} = {DD2F712D-1E06-442D-86FC-B9B6AA01E666}
	EndProjectSection
	ProjectSection(ProjectDependencies) = postProject
		{006B9C39-A291-4AA4-B372-18AD7141592E} = {006B9C39-A291-4AA4-B372-18AD7141592E}
	EndProjectSection
EndProject
Project("{8BC9CEB8-8B4A-11D0-8D11-00A0C91BC942}") = "ejs.mod", "ejs-windows\ejs.mod.vcxproj", "{F55430AC-D31D-443E-BB85-426740B30E9C}"
	ProjectSection(ProjectDependencies) = postProject
		{DD2F712D-1E06-442D-86FC-B9B6AA01E666} = {DD2F712D-1E06-442D-86FC-B9B6AA01E666}
	EndProjectSection
	ProjectSection(ProjectDependencies) = postProject
		{833CA139-6D61-48A2-A5B9-DB93C9F80D98} = {833CA139-6D61-48A2-A5B9-DB93C9F80D98}
	EndProjectSection
	ProjectSection(ProjectDependencies) = postProject
		{C57C6E0E-7503-49B3-8FD2-1A8C796C3E14} = {C57C6E0E-7503-49B3-8FD2-1A8C796C3E14}
	EndProjectSection
EndProject
Project("{8BC9CEB8-8B4A-11D0-8D11-00A0C91BC942}") = "bit.es", "ejs-windows\bit.es.vcxproj", "{83490DF9-53C1-450D-B525-36A7FA16A366}"
	ProjectSection(ProjectDependencies) = postProject
		{DD2F712D-1E06-442D-86FC-B9B6AA01E666} = {DD2F712D-1E06-442D-86FC-B9B6AA01E666}
	EndProjectSection
EndProject
Project("{8BC9CEB8-8B4A-11D0-8D11-00A0C91BC942}") = "bits", "ejs-windows\bits.vcxproj", "{4A2C505F-46E5-4BDE-96FF-B95065F0C0C0}"
	ProjectSection(ProjectDependencies) = postProject
		{DD2F712D-1E06-442D-86FC-B9B6AA01E666} = {DD2F712D-1E06-442D-86FC-B9B6AA01E666}
	EndProjectSection
EndProject
Project("{8BC9CEB8-8B4A-11D0-8D11-00A0C91BC942}") = "bit", "ejs-windows\bit.vcxproj", "{4A7301C8-4678-493A-B9A7-150055092082}"
	ProjectSection(ProjectDependencies) = postProject
		{DD2F712D-1E06-442D-86FC-B9B6AA01E666} = {DD2F712D-1E06-442D-86FC-B9B6AA01E666}
	EndProjectSection
	ProjectSection(ProjectDependencies) = postProject
		{006B9C39-A291-4AA4-B372-18AD7141592E} = {006B9C39-A291-4AA4-B372-18AD7141592E}
	EndProjectSection
	ProjectSection(ProjectDependencies) = postProject
		{4A2C505F-46E5-4BDE-96FF-B95065F0C0C0} = {4A2C505F-46E5-4BDE-96FF-B95065F0C0C0}
	EndProjectSection
	ProjectSection(ProjectDependencies) = postProject
		{83490DF9-53C1-450D-B525-36A7FA16A366} = {83490DF9-53C1-450D-B525-36A7FA16A366}
	EndProjectSection
EndProject
Project("{8BC9CEB8-8B4A-11D0-8D11-00A0C91BC942}") = "utest.es", "ejs-windows\utest.es.vcxproj", "{01A38B93-1DCA-491F-B3E0-7D29EB917EC2}"
	ProjectSection(ProjectDependencies) = postProject
		{DD2F712D-1E06-442D-86FC-B9B6AA01E666} = {DD2F712D-1E06-442D-86FC-B9B6AA01E666}
	EndProjectSection
EndProject
Project("{8BC9CEB8-8B4A-11D0-8D11-00A0C91BC942}") = "utest.exe", "ejs-windows\utest.exe.vcxproj", "{37F0F85D-4CDB-4F3A-9151-34F76D68FBB1}"
	ProjectSection(ProjectDependencies) = postProject
		{DD2F712D-1E06-442D-86FC-B9B6AA01E666} = {DD2F712D-1E06-442D-86FC-B9B6AA01E666}
	EndProjectSection
	ProjectSection(ProjectDependencies) = postProject
		{C287A52A-BCCF-4D9B-923F-578763EF2281} = {C287A52A-BCCF-4D9B-923F-578763EF2281}
	EndProjectSection
EndProject
Project("{8BC9CEB8-8B4A-11D0-8D11-00A0C91BC942}") = "ejs.unix.mod", "ejs-windows\ejs.unix.mod.vcxproj", "{02952E39-DE02-4189-B0B8-7D594F9FB331}"
	ProjectSection(ProjectDependencies) = postProject
		{DD2F712D-1E06-442D-86FC-B9B6AA01E666} = {DD2F712D-1E06-442D-86FC-B9B6AA01E666}
	EndProjectSection
	ProjectSection(ProjectDependencies) = postProject
		{833CA139-6D61-48A2-A5B9-DB93C9F80D98} = {833CA139-6D61-48A2-A5B9-DB93C9F80D98}
	EndProjectSection
	ProjectSection(ProjectDependencies) = postProject
		{F55430AC-D31D-443E-BB85-426740B30E9C} = {F55430AC-D31D-443E-BB85-426740B30E9C}
	EndProjectSection
EndProject
Project("{8BC9CEB8-8B4A-11D0-8D11-00A0C91BC942}") = "jem.es", "ejs-windows\jem.es.vcxproj", "{F36DB40D-12CE-42C2-AB77-1D37480F372B}"
	ProjectSection(ProjectDependencies) = postProject
		{DD2F712D-1E06-442D-86FC-B9B6AA01E666} = {DD2F712D-1E06-442D-86FC-B9B6AA01E666}
	EndProjectSection
EndProject
Project("{8BC9CEB8-8B4A-11D0-8D11-00A0C91BC942}") = "jem.exe", "ejs-windows\jem.exe.vcxproj", "{CAA9EB82-6445-48A5-8205-CD28039E3E21}"
	ProjectSection(ProjectDependencies) = postProject
		{DD2F712D-1E06-442D-86FC-B9B6AA01E666} = {DD2F712D-1E06-442D-86FC-B9B6AA01E666}
	EndProjectSection
	ProjectSection(ProjectDependencies) = postProject
		{C287A52A-BCCF-4D9B-923F-578763EF2281} = {C287A52A-BCCF-4D9B-923F-578763EF2281}
	EndProjectSection
EndProject
Project("{8BC9CEB8-8B4A-11D0-8D11-00A0C91BC942}") = "ejs.db.mod", "ejs-windows\ejs.db.mod.vcxproj", "{82516003-1DF4-4E68-81D4-0E922D1DEEB4}"
	ProjectSection(ProjectDependencies) = postProject
		{DD2F712D-1E06-442D-86FC-B9B6AA01E666} = {DD2F712D-1E06-442D-86FC-B9B6AA01E666}
	EndProjectSection
	ProjectSection(ProjectDependencies) = postProject
		{833CA139-6D61-48A2-A5B9-DB93C9F80D98} = {833CA139-6D61-48A2-A5B9-DB93C9F80D98}
	EndProjectSection
	ProjectSection(ProjectDependencies) = postProject
		{F55430AC-D31D-443E-BB85-426740B30E9C} = {F55430AC-D31D-443E-BB85-426740B30E9C}
	EndProjectSection
EndProject
Project("{8BC9CEB8-8B4A-11D0-8D11-00A0C91BC942}") = "ejs.db.mapper.mod", "ejs-windows\ejs.db.mapper.mod.vcxproj", "{54B1AC59-2988-4C7B-94BC-98E878D3C040}"
	ProjectSection(ProjectDependencies) = postProject
		{DD2F712D-1E06-442D-86FC-B9B6AA01E666} = {DD2F712D-1E06-442D-86FC-B9B6AA01E666}
	EndProjectSection
	ProjectSection(ProjectDependencies) = postProject
		{833CA139-6D61-48A2-A5B9-DB93C9F80D98} = {833CA139-6D61-48A2-A5B9-DB93C9F80D98}
	EndProjectSection
	ProjectSection(ProjectDependencies) = postProject
		{F55430AC-D31D-443E-BB85-426740B30E9C} = {F55430AC-D31D-443E-BB85-426740B30E9C}
	EndProjectSection
	ProjectSection(ProjectDependencies) = postProject
		{82516003-1DF4-4E68-81D4-0E922D1DEEB4} = {82516003-1DF4-4E68-81D4-0E922D1DEEB4}
	EndProjectSection
EndProject
Project("{8BC9CEB8-8B4A-11D0-8D11-00A0C91BC942}") = "ejs.db.sqlite.mod", "ejs-windows\ejs.db.sqlite.mod.vcxproj", "{B961DDF2-BA4B-4FAF-ACBA-FA1FC4CEBA3F}"
	ProjectSection(ProjectDependencies) = postProject
		{DD2F712D-1E06-442D-86FC-B9B6AA01E666} = {DD2F712D-1E06-442D-86FC-B9B6AA01E666}
	EndProjectSection
	ProjectSection(ProjectDependencies) = postProject
		{833CA139-6D61-48A2-A5B9-DB93C9F80D98} = {833CA139-6D61-48A2-A5B9-DB93C9F80D98}
	EndProjectSection
	ProjectSection(ProjectDependencies) = postProject
		{C57C6E0E-7503-49B3-8FD2-1A8C796C3E14} = {C57C6E0E-7503-49B3-8FD2-1A8C796C3E14}
	EndProjectSection
	ProjectSection(ProjectDependencies) = postProject
		{F55430AC-D31D-443E-BB85-426740B30E9C} = {F55430AC-D31D-443E-BB85-426740B30E9C}
	EndProjectSection
EndProject
Project("{8BC9CEB8-8B4A-11D0-8D11-00A0C91BC942}") = "ejs.db.sqlite", "ejs-windows\ejs.db.sqlite.vcxproj", "{09A2F206-DB4B-4CB1-A641-03D761198569}"
	ProjectSection(ProjectDependencies) = postProject
		{DD2F712D-1E06-442D-86FC-B9B6AA01E666} = {DD2F712D-1E06-442D-86FC-B9B6AA01E666}
	EndProjectSection
	ProjectSection(ProjectDependencies) = postProject
		{E8FBCA33-6AC8-44BC-BCC0-6EAD84F28C28} = {E8FBCA33-6AC8-44BC-BCC0-6EAD84F28C28}
	EndProjectSection
	ProjectSection(ProjectDependencies) = postProject
		{006B9C39-A291-4AA4-B372-18AD7141592E} = {006B9C39-A291-4AA4-B372-18AD7141592E}
	EndProjectSection
	ProjectSection(ProjectDependencies) = postProject
		{F55430AC-D31D-443E-BB85-426740B30E9C} = {F55430AC-D31D-443E-BB85-426740B30E9C}
	EndProjectSection
	ProjectSection(ProjectDependencies) = postProject
		{B961DDF2-BA4B-4FAF-ACBA-FA1FC4CEBA3F} = {B961DDF2-BA4B-4FAF-ACBA-FA1FC4CEBA3F}
	EndProjectSection
	ProjectSection(ProjectDependencies) = postProject
		{E5ADCADE-0B89-4155-B99F-33F889738C03} = {E5ADCADE-0B89-4155-B99F-33F889738C03}
	EndProjectSection
EndProject
Project("{8BC9CEB8-8B4A-11D0-8D11-00A0C91BC942}") = "ejs.web.mod", "ejs-windows\ejs.web.mod.vcxproj", "{8560D84E-472C-4FD7-821C-7DCC434F525C}"
	ProjectSection(ProjectDependencies) = postProject
		{DD2F712D-1E06-442D-86FC-B9B6AA01E666} = {DD2F712D-1E06-442D-86FC-B9B6AA01E666}
	EndProjectSection
	ProjectSection(ProjectDependencies) = postProject
		{833CA139-6D61-48A2-A5B9-DB93C9F80D98} = {833CA139-6D61-48A2-A5B9-DB93C9F80D98}
	EndProjectSection
	ProjectSection(ProjectDependencies) = postProject
		{C57C6E0E-7503-49B3-8FD2-1A8C796C3E14} = {C57C6E0E-7503-49B3-8FD2-1A8C796C3E14}
	EndProjectSection
	ProjectSection(ProjectDependencies) = postProject
		{F55430AC-D31D-443E-BB85-426740B30E9C} = {F55430AC-D31D-443E-BB85-426740B30E9C}
	EndProjectSection
EndProject
Project("{8BC9CEB8-8B4A-11D0-8D11-00A0C91BC942}") = "ejs.web", "ejs-windows\ejs.web.vcxproj", "{B80BBF21-43E3-44C0-BC4B-9C542F2FBFC0}"
	ProjectSection(ProjectDependencies) = postProject
		{DD2F712D-1E06-442D-86FC-B9B6AA01E666} = {DD2F712D-1E06-442D-86FC-B9B6AA01E666}
	EndProjectSection
	ProjectSection(ProjectDependencies) = postProject
		{006B9C39-A291-4AA4-B372-18AD7141592E} = {006B9C39-A291-4AA4-B372-18AD7141592E}
	EndProjectSection
	ProjectSection(ProjectDependencies) = postProject
		{F55430AC-D31D-443E-BB85-426740B30E9C} = {F55430AC-D31D-443E-BB85-426740B30E9C}
	EndProjectSection
EndProject
Project("{8BC9CEB8-8B4A-11D0-8D11-00A0C91BC942}") = "www", "ejs-windows\www.vcxproj", "{C2CA25C5-2BAE-492C-A082-C0B10873D4AC}"
	ProjectSection(ProjectDependencies) = postProject
		{DD2F712D-1E06-442D-86FC-B9B6AA01E666} = {DD2F712D-1E06-442D-86FC-B9B6AA01E666}
	EndProjectSection
EndProject
Project("{8BC9CEB8-8B4A-11D0-8D11-00A0C91BC942}") = "ejs.template.mod", "ejs-windows\ejs.template.mod.vcxproj", "{9DB8BD03-2D52-4CFB-8BCF-E3FDD1A0DE4E}"
	ProjectSection(ProjectDependencies) = postProject
		{DD2F712D-1E06-442D-86FC-B9B6AA01E666} = {DD2F712D-1E06-442D-86FC-B9B6AA01E666}
	EndProjectSection
	ProjectSection(ProjectDependencies) = postProject
		{833CA139-6D61-48A2-A5B9-DB93C9F80D98} = {833CA139-6D61-48A2-A5B9-DB93C9F80D98}
	EndProjectSection
	ProjectSection(ProjectDependencies) = postProject
		{F55430AC-D31D-443E-BB85-426740B30E9C} = {F55430AC-D31D-443E-BB85-426740B30E9C}
	EndProjectSection
EndProject
Project("{8BC9CEB8-8B4A-11D0-8D11-00A0C91BC942}") = "ejs.tar.mod", "ejs-windows\ejs.tar.mod.vcxproj", "{67358815-B91B-4C75-9947-E609643E5C39}"
	ProjectSection(ProjectDependencies) = postProject
		{DD2F712D-1E06-442D-86FC-B9B6AA01E666} = {DD2F712D-1E06-442D-86FC-B9B6AA01E666}
	EndProjectSection
	ProjectSection(ProjectDependencies) = postProject
		{833CA139-6D61-48A2-A5B9-DB93C9F80D98} = {833CA139-6D61-48A2-A5B9-DB93C9F80D98}
	EndProjectSection
	ProjectSection(ProjectDependencies) = postProject
		{F55430AC-D31D-443E-BB85-426740B30E9C} = {F55430AC-D31D-443E-BB85-426740B30E9C}
	EndProjectSection
EndProject
Project("{8BC9CEB8-8B4A-11D0-8D11-00A0C91BC942}") = "mvc.es", "ejs-windows\mvc.es.vcxproj", "{7664BDE3-4497-4176-B3EF-924A250C0BCF}"
	ProjectSection(ProjectDependencies) = postProject
		{DD2F712D-1E06-442D-86FC-B9B6AA01E666} = {DD2F712D-1E06-442D-86FC-B9B6AA01E666}
	EndProjectSection
EndProject
Project("{8BC9CEB8-8B4A-11D0-8D11-00A0C91BC942}") = "mvc.exe", "ejs-windows\mvc.exe.vcxproj", "{D4803852-A969-4189-9A36-D0EFDEA16C1C}"
	ProjectSection(ProjectDependencies) = postProject
		{DD2F712D-1E06-442D-86FC-B9B6AA01E666} = {DD2F712D-1E06-442D-86FC-B9B6AA01E666}
	EndProjectSection
	ProjectSection(ProjectDependencies) = postProject
		{C287A52A-BCCF-4D9B-923F-578763EF2281} = {C287A52A-BCCF-4D9B-923F-578763EF2281}
	EndProjectSection
EndProject
Project("{8BC9CEB8-8B4A-11D0-8D11-00A0C91BC942}") = "ejs.mvc.mod", "ejs-windows\ejs.mvc.mod.vcxproj", "{74E4F647-F316-41D4-90B8-90F85EEE246B}"
	ProjectSection(ProjectDependencies) = postProject
		{DD2F712D-1E06-442D-86FC-B9B6AA01E666} = {DD2F712D-1E06-442D-86FC-B9B6AA01E666}
	EndProjectSection
	ProjectSection(ProjectDependencies) = postProject
		{833CA139-6D61-48A2-A5B9-DB93C9F80D98} = {833CA139-6D61-48A2-A5B9-DB93C9F80D98}
	EndProjectSection
	ProjectSection(ProjectDependencies) = postProject
		{F55430AC-D31D-443E-BB85-426740B30E9C} = {F55430AC-D31D-443E-BB85-426740B30E9C}
	EndProjectSection
	ProjectSection(ProjectDependencies) = postProject
		{8560D84E-472C-4FD7-821C-7DCC434F525C} = {8560D84E-472C-4FD7-821C-7DCC434F525C}
	EndProjectSection
	ProjectSection(ProjectDependencies) = postProject
		{9DB8BD03-2D52-4CFB-8BCF-E3FDD1A0DE4E} = {9DB8BD03-2D52-4CFB-8BCF-E3FDD1A0DE4E}
	EndProjectSection
	ProjectSection(ProjectDependencies) = postProject
		{02952E39-DE02-4189-B0B8-7D594F9FB331} = {02952E39-DE02-4189-B0B8-7D594F9FB331}
	EndProjectSection
EndProject
Project("{8BC9CEB8-8B4A-11D0-8D11-00A0C91BC942}") = "utest.worker", "ejs-windows\utest.worker.vcxproj", "{6C09F651-58FC-4F09-8D1B-86215F189FB3}"
	ProjectSection(ProjectDependencies) = postProject
		{DD2F712D-1E06-442D-86FC-B9B6AA01E666} = {DD2F712D-1E06-442D-86FC-B9B6AA01E666}
	EndProjectSection
EndProject
Project("{8BC9CEB8-8B4A-11D0-8D11-00A0C91BC942}") = "removeFiles", "ejs-windows\removeFiles.vcxproj", "{53B04134-3CA1-428F-AC71-AB0A32C965D3}"
	ProjectSection(ProjectDependencies) = postProject
		{DD2F712D-1E06-442D-86FC-B9B6AA01E666} = {DD2F712D-1E06-442D-86FC-B9B6AA01E666}
	EndProjectSection
	ProjectSection(ProjectDependencies) = postProject
		{E8FBCA33-6AC8-44BC-BCC0-6EAD84F28C28} = {E8FBCA33-6AC8-44BC-BCC0-6EAD84F28C28}
	EndProjectSection
EndProject

Global
	GlobalSection(SolutionConfigurationPlatforms) = preSolution
		Debug|Win32 = Debug|Win32
		Debug|x64 = Debug|x64
		Release|Win32 = Release|Win32
		Release|x64 = Release|x64
	EndGlobalSection
	GlobalSection(ProjectConfigurationPlatforms) = postSolution
{DD2F712D-1E06-442D-86FC-B9B6AA01E666}.Debug|Win32.ActiveCfg = Debug|Win32
{DD2F712D-1E06-442D-86FC-B9B6AA01E666}.Debug|Win32.Build.0 = Debug|Win32
{DD2F712D-1E06-442D-86FC-B9B6AA01E666}.Debug|x64.ActiveCfg = Debug|x64
{DD2F712D-1E06-442D-86FC-B9B6AA01E666}.Debug|x64.Build.0 = Debug|x64
{DD2F712D-1E06-442D-86FC-B9B6AA01E666}.Release|Win32.ActiveCfg = Release|Win32
{DD2F712D-1E06-442D-86FC-B9B6AA01E666}.Release|Win32.Build.0 = Release|Win32
{DD2F712D-1E06-442D-86FC-B9B6AA01E666}.Release|x64.ActiveCfg = Release|x64
{DD2F712D-1E06-442D-86FC-B9B6AA01E666}.Release|x64.Build.0 = Release|x64
{E8FBCA33-6AC8-44BC-BCC0-6EAD84F28C28}.Debug|Win32.ActiveCfg = Debug|Win32
{E8FBCA33-6AC8-44BC-BCC0-6EAD84F28C28}.Debug|Win32.Build.0 = Debug|Win32
{E8FBCA33-6AC8-44BC-BCC0-6EAD84F28C28}.Debug|x64.ActiveCfg = Debug|x64
{E8FBCA33-6AC8-44BC-BCC0-6EAD84F28C28}.Debug|x64.Build.0 = Debug|x64
{E8FBCA33-6AC8-44BC-BCC0-6EAD84F28C28}.Release|Win32.ActiveCfg = Release|Win32
{E8FBCA33-6AC8-44BC-BCC0-6EAD84F28C28}.Release|Win32.Build.0 = Release|Win32
{E8FBCA33-6AC8-44BC-BCC0-6EAD84F28C28}.Release|x64.ActiveCfg = Release|x64
{E8FBCA33-6AC8-44BC-BCC0-6EAD84F28C28}.Release|x64.Build.0 = Release|x64
{32880E42-2AC9-4DD1-8766-9628B092FC61}.Debug|Win32.ActiveCfg = Debug|Win32
{32880E42-2AC9-4DD1-8766-9628B092FC61}.Debug|Win32.Build.0 = Debug|Win32
{32880E42-2AC9-4DD1-8766-9628B092FC61}.Debug|x64.ActiveCfg = Debug|x64
{32880E42-2AC9-4DD1-8766-9628B092FC61}.Debug|x64.Build.0 = Debug|x64
{32880E42-2AC9-4DD1-8766-9628B092FC61}.Release|Win32.ActiveCfg = Release|Win32
{32880E42-2AC9-4DD1-8766-9628B092FC61}.Release|Win32.Build.0 = Release|Win32
{32880E42-2AC9-4DD1-8766-9628B092FC61}.Release|x64.ActiveCfg = Release|x64
{32880E42-2AC9-4DD1-8766-9628B092FC61}.Release|x64.Build.0 = Release|x64
{046A6FE0-C246-4793-93B1-760444E038BA}.Debug|Win32.ActiveCfg = Debug|Win32
{046A6FE0-C246-4793-93B1-760444E038BA}.Debug|Win32.Build.0 = Debug|Win32
{046A6FE0-C246-4793-93B1-760444E038BA}.Debug|x64.ActiveCfg = Debug|x64
{046A6FE0-C246-4793-93B1-760444E038BA}.Debug|x64.Build.0 = Debug|x64
{046A6FE0-C246-4793-93B1-760444E038BA}.Release|Win32.ActiveCfg = Release|Win32
{046A6FE0-C246-4793-93B1-760444E038BA}.Release|Win32.Build.0 = Release|Win32
{046A6FE0-C246-4793-93B1-760444E038BA}.Release|x64.ActiveCfg = Release|x64
{046A6FE0-C246-4793-93B1-760444E038BA}.Release|x64.Build.0 = Release|x64
{A96BDF7F-09F0-4A60-A572-1FF7A1033C6A}.Debug|Win32.ActiveCfg = Debug|Win32
{A96BDF7F-09F0-4A60-A572-1FF7A1033C6A}.Debug|Win32.Build.0 = Debug|Win32
{A96BDF7F-09F0-4A60-A572-1FF7A1033C6A}.Debug|x64.ActiveCfg = Debug|x64
{A96BDF7F-09F0-4A60-A572-1FF7A1033C6A}.Debug|x64.Build.0 = Debug|x64
{A96BDF7F-09F0-4A60-A572-1FF7A1033C6A}.Release|Win32.ActiveCfg = Release|Win32
{A96BDF7F-09F0-4A60-A572-1FF7A1033C6A}.Release|Win32.Build.0 = Release|Win32
{A96BDF7F-09F0-4A60-A572-1FF7A1033C6A}.Release|x64.ActiveCfg = Release|x64
{A96BDF7F-09F0-4A60-A572-1FF7A1033C6A}.Release|x64.Build.0 = Release|x64
{FE802650-68E4-4F82-BFE8-B9471D203202}.Debug|Win32.ActiveCfg = Debug|Win32
{FE802650-68E4-4F82-BFE8-B9471D203202}.Debug|Win32.Build.0 = Debug|Win32
{FE802650-68E4-4F82-BFE8-B9471D203202}.Debug|x64.ActiveCfg = Debug|x64
{FE802650-68E4-4F82-BFE8-B9471D203202}.Debug|x64.Build.0 = Debug|x64
{FE802650-68E4-4F82-BFE8-B9471D203202}.Release|Win32.ActiveCfg = Release|Win32
{FE802650-68E4-4F82-BFE8-B9471D203202}.Release|Win32.Build.0 = Release|Win32
{FE802650-68E4-4F82-BFE8-B9471D203202}.Release|x64.ActiveCfg = Release|x64
{FE802650-68E4-4F82-BFE8-B9471D203202}.Release|x64.Build.0 = Release|x64
{28924C0E-C0E2-4BC2-89EE-C5F6B7816557}.Debug|Win32.ActiveCfg = Debug|Win32
{28924C0E-C0E2-4BC2-89EE-C5F6B7816557}.Debug|Win32.Build.0 = Debug|Win32
{28924C0E-C0E2-4BC2-89EE-C5F6B7816557}.Debug|x64.ActiveCfg = Debug|x64
{28924C0E-C0E2-4BC2-89EE-C5F6B7816557}.Debug|x64.Build.0 = Debug|x64
{28924C0E-C0E2-4BC2-89EE-C5F6B7816557}.Release|Win32.ActiveCfg = Release|Win32
{28924C0E-C0E2-4BC2-89EE-C5F6B7816557}.Release|Win32.Build.0 = Release|Win32
{28924C0E-C0E2-4BC2-89EE-C5F6B7816557}.Release|x64.ActiveCfg = Release|x64
{28924C0E-C0E2-4BC2-89EE-C5F6B7816557}.Release|x64.Build.0 = Release|x64
{088D8C88-0D19-4188-9620-59DA238581F3}.Debug|Win32.ActiveCfg = Debug|Win32
{088D8C88-0D19-4188-9620-59DA238581F3}.Debug|Win32.Build.0 = Debug|Win32
{088D8C88-0D19-4188-9620-59DA238581F3}.Debug|x64.ActiveCfg = Debug|x64
{088D8C88-0D19-4188-9620-59DA238581F3}.Debug|x64.Build.0 = Debug|x64
{088D8C88-0D19-4188-9620-59DA238581F3}.Release|Win32.ActiveCfg = Release|Win32
{088D8C88-0D19-4188-9620-59DA238581F3}.Release|Win32.Build.0 = Release|Win32
{088D8C88-0D19-4188-9620-59DA238581F3}.Release|x64.ActiveCfg = Release|x64
{088D8C88-0D19-4188-9620-59DA238581F3}.Release|x64.Build.0 = Release|x64
{E5ADCADE-0B89-4155-B99F-33F889738C03}.Debug|Win32.ActiveCfg = Debug|Win32
{E5ADCADE-0B89-4155-B99F-33F889738C03}.Debug|Win32.Build.0 = Debug|Win32
{E5ADCADE-0B89-4155-B99F-33F889738C03}.Debug|x64.ActiveCfg = Debug|x64
{E5ADCADE-0B89-4155-B99F-33F889738C03}.Debug|x64.Build.0 = Debug|x64
{E5ADCADE-0B89-4155-B99F-33F889738C03}.Release|Win32.ActiveCfg = Release|Win32
{E5ADCADE-0B89-4155-B99F-33F889738C03}.Release|Win32.Build.0 = Release|Win32
{E5ADCADE-0B89-4155-B99F-33F889738C03}.Release|x64.ActiveCfg = Release|x64
{E5ADCADE-0B89-4155-B99F-33F889738C03}.Release|x64.Build.0 = Release|x64
{2EDBA562-EA39-45E9-AD68-014577E57E13}.Debug|Win32.ActiveCfg = Debug|Win32
{2EDBA562-EA39-45E9-AD68-014577E57E13}.Debug|Win32.Build.0 = Debug|Win32
{2EDBA562-EA39-45E9-AD68-014577E57E13}.Debug|x64.ActiveCfg = Debug|x64
{2EDBA562-EA39-45E9-AD68-014577E57E13}.Debug|x64.Build.0 = Debug|x64
{2EDBA562-EA39-45E9-AD68-014577E57E13}.Release|Win32.ActiveCfg = Release|Win32
{2EDBA562-EA39-45E9-AD68-014577E57E13}.Release|Win32.Build.0 = Release|Win32
{2EDBA562-EA39-45E9-AD68-014577E57E13}.Release|x64.ActiveCfg = Release|x64
{2EDBA562-EA39-45E9-AD68-014577E57E13}.Release|x64.Build.0 = Release|x64
{006B9C39-A291-4AA4-B372-18AD7141592E}.Debug|Win32.ActiveCfg = Debug|Win32
{006B9C39-A291-4AA4-B372-18AD7141592E}.Debug|Win32.Build.0 = Debug|Win32
{006B9C39-A291-4AA4-B372-18AD7141592E}.Debug|x64.ActiveCfg = Debug|x64
{006B9C39-A291-4AA4-B372-18AD7141592E}.Debug|x64.Build.0 = Debug|x64
{006B9C39-A291-4AA4-B372-18AD7141592E}.Release|Win32.ActiveCfg = Release|Win32
{006B9C39-A291-4AA4-B372-18AD7141592E}.Release|Win32.Build.0 = Release|Win32
{006B9C39-A291-4AA4-B372-18AD7141592E}.Release|x64.ActiveCfg = Release|x64
{006B9C39-A291-4AA4-B372-18AD7141592E}.Release|x64.Build.0 = Release|x64
{831F82B3-3116-4567-9004-5833CCB6581E}.Debug|Win32.ActiveCfg = Debug|Win32
{831F82B3-3116-4567-9004-5833CCB6581E}.Debug|Win32.Build.0 = Debug|Win32
{831F82B3-3116-4567-9004-5833CCB6581E}.Debug|x64.ActiveCfg = Debug|x64
{831F82B3-3116-4567-9004-5833CCB6581E}.Debug|x64.Build.0 = Debug|x64
{831F82B3-3116-4567-9004-5833CCB6581E}.Release|Win32.ActiveCfg = Release|Win32
{831F82B3-3116-4567-9004-5833CCB6581E}.Release|Win32.Build.0 = Release|Win32
{831F82B3-3116-4567-9004-5833CCB6581E}.Release|x64.ActiveCfg = Release|x64
{831F82B3-3116-4567-9004-5833CCB6581E}.Release|x64.Build.0 = Release|x64
{833CA139-6D61-48A2-A5B9-DB93C9F80D98}.Debug|Win32.ActiveCfg = Debug|Win32
{833CA139-6D61-48A2-A5B9-DB93C9F80D98}.Debug|Win32.Build.0 = Debug|Win32
{833CA139-6D61-48A2-A5B9-DB93C9F80D98}.Debug|x64.ActiveCfg = Debug|x64
{833CA139-6D61-48A2-A5B9-DB93C9F80D98}.Debug|x64.Build.0 = Debug|x64
{833CA139-6D61-48A2-A5B9-DB93C9F80D98}.Release|Win32.ActiveCfg = Release|Win32
{833CA139-6D61-48A2-A5B9-DB93C9F80D98}.Release|Win32.Build.0 = Release|Win32
{833CA139-6D61-48A2-A5B9-DB93C9F80D98}.Release|x64.ActiveCfg = Release|x64
{833CA139-6D61-48A2-A5B9-DB93C9F80D98}.Release|x64.Build.0 = Release|x64
{C57C6E0E-7503-49B3-8FD2-1A8C796C3E14}.Debug|Win32.ActiveCfg = Debug|Win32
{C57C6E0E-7503-49B3-8FD2-1A8C796C3E14}.Debug|Win32.Build.0 = Debug|Win32
{C57C6E0E-7503-49B3-8FD2-1A8C796C3E14}.Debug|x64.ActiveCfg = Debug|x64
{C57C6E0E-7503-49B3-8FD2-1A8C796C3E14}.Debug|x64.Build.0 = Debug|x64
{C57C6E0E-7503-49B3-8FD2-1A8C796C3E14}.Release|Win32.ActiveCfg = Release|Win32
{C57C6E0E-7503-49B3-8FD2-1A8C796C3E14}.Release|Win32.Build.0 = Release|Win32
{C57C6E0E-7503-49B3-8FD2-1A8C796C3E14}.Release|x64.ActiveCfg = Release|x64
{C57C6E0E-7503-49B3-8FD2-1A8C796C3E14}.Release|x64.Build.0 = Release|x64
{C287A52A-BCCF-4D9B-923F-578763EF2281}.Debug|Win32.ActiveCfg = Debug|Win32
{C287A52A-BCCF-4D9B-923F-578763EF2281}.Debug|Win32.Build.0 = Debug|Win32
{C287A52A-BCCF-4D9B-923F-578763EF2281}.Debug|x64.ActiveCfg = Debug|x64
{C287A52A-BCCF-4D9B-923F-578763EF2281}.Debug|x64.Build.0 = Debug|x64
{C287A52A-BCCF-4D9B-923F-578763EF2281}.Release|Win32.ActiveCfg = Release|Win32
{C287A52A-BCCF-4D9B-923F-578763EF2281}.Release|Win32.Build.0 = Release|Win32
{C287A52A-BCCF-4D9B-923F-578763EF2281}.Release|x64.ActiveCfg = Release|x64
{C287A52A-BCCF-4D9B-923F-578763EF2281}.Release|x64.Build.0 = Release|x64
{F55430AC-D31D-443E-BB85-426740B30E9C}.Debug|Win32.ActiveCfg = Debug|Win32
{F55430AC-D31D-443E-BB85-426740B30E9C}.Debug|Win32.Build.0 = Debug|Win32
{F55430AC-D31D-443E-BB85-426740B30E9C}.Debug|x64.ActiveCfg = Debug|x64
{F55430AC-D31D-443E-BB85-426740B30E9C}.Debug|x64.Build.0 = Debug|x64
{F55430AC-D31D-443E-BB85-426740B30E9C}.Release|Win32.ActiveCfg = Release|Win32
{F55430AC-D31D-443E-BB85-426740B30E9C}.Release|Win32.Build.0 = Release|Win32
{F55430AC-D31D-443E-BB85-426740B30E9C}.Release|x64.ActiveCfg = Release|x64
{F55430AC-D31D-443E-BB85-426740B30E9C}.Release|x64.Build.0 = Release|x64
{83490DF9-53C1-450D-B525-36A7FA16A366}.Debug|Win32.ActiveCfg = Debug|Win32
{83490DF9-53C1-450D-B525-36A7FA16A366}.Debug|Win32.Build.0 = Debug|Win32
{83490DF9-53C1-450D-B525-36A7FA16A366}.Debug|x64.ActiveCfg = Debug|x64
{83490DF9-53C1-450D-B525-36A7FA16A366}.Debug|x64.Build.0 = Debug|x64
{83490DF9-53C1-450D-B525-36A7FA16A366}.Release|Win32.ActiveCfg = Release|Win32
{83490DF9-53C1-450D-B525-36A7FA16A366}.Release|Win32.Build.0 = Release|Win32
{83490DF9-53C1-450D-B525-36A7FA16A366}.Release|x64.ActiveCfg = Release|x64
{83490DF9-53C1-450D-B525-36A7FA16A366}.Release|x64.Build.0 = Release|x64
{4A2C505F-46E5-4BDE-96FF-B95065F0C0C0}.Debug|Win32.ActiveCfg = Debug|Win32
{4A2C505F-46E5-4BDE-96FF-B95065F0C0C0}.Debug|Win32.Build.0 = Debug|Win32
{4A2C505F-46E5-4BDE-96FF-B95065F0C0C0}.Debug|x64.ActiveCfg = Debug|x64
{4A2C505F-46E5-4BDE-96FF-B95065F0C0C0}.Debug|x64.Build.0 = Debug|x64
{4A2C505F-46E5-4BDE-96FF-B95065F0C0C0}.Release|Win32.ActiveCfg = Release|Win32
{4A2C505F-46E5-4BDE-96FF-B95065F0C0C0}.Release|Win32.Build.0 = Release|Win32
{4A2C505F-46E5-4BDE-96FF-B95065F0C0C0}.Release|x64.ActiveCfg = Release|x64
{4A2C505F-46E5-4BDE-96FF-B95065F0C0C0}.Release|x64.Build.0 = Release|x64
{4A7301C8-4678-493A-B9A7-150055092082}.Debug|Win32.ActiveCfg = Debug|Win32
{4A7301C8-4678-493A-B9A7-150055092082}.Debug|Win32.Build.0 = Debug|Win32
{4A7301C8-4678-493A-B9A7-150055092082}.Debug|x64.ActiveCfg = Debug|x64
{4A7301C8-4678-493A-B9A7-150055092082}.Debug|x64.Build.0 = Debug|x64
{4A7301C8-4678-493A-B9A7-150055092082}.Release|Win32.ActiveCfg = Release|Win32
{4A7301C8-4678-493A-B9A7-150055092082}.Release|Win32.Build.0 = Release|Win32
{4A7301C8-4678-493A-B9A7-150055092082}.Release|x64.ActiveCfg = Release|x64
{4A7301C8-4678-493A-B9A7-150055092082}.Release|x64.Build.0 = Release|x64
{01A38B93-1DCA-491F-B3E0-7D29EB917EC2}.Debug|Win32.ActiveCfg = Debug|Win32
{01A38B93-1DCA-491F-B3E0-7D29EB917EC2}.Debug|Win32.Build.0 = Debug|Win32
{01A38B93-1DCA-491F-B3E0-7D29EB917EC2}.Debug|x64.ActiveCfg = Debug|x64
{01A38B93-1DCA-491F-B3E0-7D29EB917EC2}.Debug|x64.Build.0 = Debug|x64
{01A38B93-1DCA-491F-B3E0-7D29EB917EC2}.Release|Win32.ActiveCfg = Release|Win32
{01A38B93-1DCA-491F-B3E0-7D29EB917EC2}.Release|Win32.Build.0 = Release|Win32
{01A38B93-1DCA-491F-B3E0-7D29EB917EC2}.Release|x64.ActiveCfg = Release|x64
{01A38B93-1DCA-491F-B3E0-7D29EB917EC2}.Release|x64.Build.0 = Release|x64
{37F0F85D-4CDB-4F3A-9151-34F76D68FBB1}.Debug|Win32.ActiveCfg = Debug|Win32
{37F0F85D-4CDB-4F3A-9151-34F76D68FBB1}.Debug|Win32.Build.0 = Debug|Win32
{37F0F85D-4CDB-4F3A-9151-34F76D68FBB1}.Debug|x64.ActiveCfg = Debug|x64
{37F0F85D-4CDB-4F3A-9151-34F76D68FBB1}.Debug|x64.Build.0 = Debug|x64
{37F0F85D-4CDB-4F3A-9151-34F76D68FBB1}.Release|Win32.ActiveCfg = Release|Win32
{37F0F85D-4CDB-4F3A-9151-34F76D68FBB1}.Release|Win32.Build.0 = Release|Win32
{37F0F85D-4CDB-4F3A-9151-34F76D68FBB1}.Release|x64.ActiveCfg = Release|x64
{37F0F85D-4CDB-4F3A-9151-34F76D68FBB1}.Release|x64.Build.0 = Release|x64
{02952E39-DE02-4189-B0B8-7D594F9FB331}.Debug|Win32.ActiveCfg = Debug|Win32
{02952E39-DE02-4189-B0B8-7D594F9FB331}.Debug|Win32.Build.0 = Debug|Win32
{02952E39-DE02-4189-B0B8-7D594F9FB331}.Debug|x64.ActiveCfg = Debug|x64
{02952E39-DE02-4189-B0B8-7D594F9FB331}.Debug|x64.Build.0 = Debug|x64
{02952E39-DE02-4189-B0B8-7D594F9FB331}.Release|Win32.ActiveCfg = Release|Win32
{02952E39-DE02-4189-B0B8-7D594F9FB331}.Release|Win32.Build.0 = Release|Win32
{02952E39-DE02-4189-B0B8-7D594F9FB331}.Release|x64.ActiveCfg = Release|x64
{02952E39-DE02-4189-B0B8-7D594F9FB331}.Release|x64.Build.0 = Release|x64
{F36DB40D-12CE-42C2-AB77-1D37480F372B}.Debug|Win32.ActiveCfg = Debug|Win32
{F36DB40D-12CE-42C2-AB77-1D37480F372B}.Debug|Win32.Build.0 = Debug|Win32
{F36DB40D-12CE-42C2-AB77-1D37480F372B}.Debug|x64.ActiveCfg = Debug|x64
{F36DB40D-12CE-42C2-AB77-1D37480F372B}.Debug|x64.Build.0 = Debug|x64
{F36DB40D-12CE-42C2-AB77-1D37480F372B}.Release|Win32.ActiveCfg = Release|Win32
{F36DB40D-12CE-42C2-AB77-1D37480F372B}.Release|Win32.Build.0 = Release|Win32
{F36DB40D-12CE-42C2-AB77-1D37480F372B}.Release|x64.ActiveCfg = Release|x64
{F36DB40D-12CE-42C2-AB77-1D37480F372B}.Release|x64.Build.0 = Release|x64
{CAA9EB82-6445-48A5-8205-CD28039E3E21}.Debug|Win32.ActiveCfg = Debug|Win32
{CAA9EB82-6445-48A5-8205-CD28039E3E21}.Debug|Win32.Build.0 = Debug|Win32
{CAA9EB82-6445-48A5-8205-CD28039E3E21}.Debug|x64.ActiveCfg = Debug|x64
{CAA9EB82-6445-48A5-8205-CD28039E3E21}.Debug|x64.Build.0 = Debug|x64
{CAA9EB82-6445-48A5-8205-CD28039E3E21}.Release|Win32.ActiveCfg = Release|Win32
{CAA9EB82-6445-48A5-8205-CD28039E3E21}.Release|Win32.Build.0 = Release|Win32
{CAA9EB82-6445-48A5-8205-CD28039E3E21}.Release|x64.ActiveCfg = Release|x64
{CAA9EB82-6445-48A5-8205-CD28039E3E21}.Release|x64.Build.0 = Release|x64
{82516003-1DF4-4E68-81D4-0E922D1DEEB4}.Debug|Win32.ActiveCfg = Debug|Win32
{82516003-1DF4-4E68-81D4-0E922D1DEEB4}.Debug|Win32.Build.0 = Debug|Win32
{82516003-1DF4-4E68-81D4-0E922D1DEEB4}.Debug|x64.ActiveCfg = Debug|x64
{82516003-1DF4-4E68-81D4-0E922D1DEEB4}.Debug|x64.Build.0 = Debug|x64
{82516003-1DF4-4E68-81D4-0E922D1DEEB4}.Release|Win32.ActiveCfg = Release|Win32
{82516003-1DF4-4E68-81D4-0E922D1DEEB4}.Release|Win32.Build.0 = Release|Win32
{82516003-1DF4-4E68-81D4-0E922D1DEEB4}.Release|x64.ActiveCfg = Release|x64
{82516003-1DF4-4E68-81D4-0E922D1DEEB4}.Release|x64.Build.0 = Release|x64
{54B1AC59-2988-4C7B-94BC-98E878D3C040}.Debug|Win32.ActiveCfg = Debug|Win32
{54B1AC59-2988-4C7B-94BC-98E878D3C040}.Debug|Win32.Build.0 = Debug|Win32
{54B1AC59-2988-4C7B-94BC-98E878D3C040}.Debug|x64.ActiveCfg = Debug|x64
{54B1AC59-2988-4C7B-94BC-98E878D3C040}.Debug|x64.Build.0 = Debug|x64
{54B1AC59-2988-4C7B-94BC-98E878D3C040}.Release|Win32.ActiveCfg = Release|Win32
{54B1AC59-2988-4C7B-94BC-98E878D3C040}.Release|Win32.Build.0 = Release|Win32
{54B1AC59-2988-4C7B-94BC-98E878D3C040}.Release|x64.ActiveCfg = Release|x64
{54B1AC59-2988-4C7B-94BC-98E878D3C040}.Release|x64.Build.0 = Release|x64
{B961DDF2-BA4B-4FAF-ACBA-FA1FC4CEBA3F}.Debug|Win32.ActiveCfg = Debug|Win32
{B961DDF2-BA4B-4FAF-ACBA-FA1FC4CEBA3F}.Debug|Win32.Build.0 = Debug|Win32
{B961DDF2-BA4B-4FAF-ACBA-FA1FC4CEBA3F}.Debug|x64.ActiveCfg = Debug|x64
{B961DDF2-BA4B-4FAF-ACBA-FA1FC4CEBA3F}.Debug|x64.Build.0 = Debug|x64
{B961DDF2-BA4B-4FAF-ACBA-FA1FC4CEBA3F}.Release|Win32.ActiveCfg = Release|Win32
{B961DDF2-BA4B-4FAF-ACBA-FA1FC4CEBA3F}.Release|Win32.Build.0 = Release|Win32
{B961DDF2-BA4B-4FAF-ACBA-FA1FC4CEBA3F}.Release|x64.ActiveCfg = Release|x64
{B961DDF2-BA4B-4FAF-ACBA-FA1FC4CEBA3F}.Release|x64.Build.0 = Release|x64
{09A2F206-DB4B-4CB1-A641-03D761198569}.Debug|Win32.ActiveCfg = Debug|Win32
{09A2F206-DB4B-4CB1-A641-03D761198569}.Debug|Win32.Build.0 = Debug|Win32
{09A2F206-DB4B-4CB1-A641-03D761198569}.Debug|x64.ActiveCfg = Debug|x64
{09A2F206-DB4B-4CB1-A641-03D761198569}.Debug|x64.Build.0 = Debug|x64
{09A2F206-DB4B-4CB1-A641-03D761198569}.Release|Win32.ActiveCfg = Release|Win32
{09A2F206-DB4B-4CB1-A641-03D761198569}.Release|Win32.Build.0 = Release|Win32
{09A2F206-DB4B-4CB1-A641-03D761198569}.Release|x64.ActiveCfg = Release|x64
{09A2F206-DB4B-4CB1-A641-03D761198569}.Release|x64.Build.0 = Release|x64
{8560D84E-472C-4FD7-821C-7DCC434F525C}.Debug|Win32.ActiveCfg = Debug|Win32
{8560D84E-472C-4FD7-821C-7DCC434F525C}.Debug|Win32.Build.0 = Debug|Win32
{8560D84E-472C-4FD7-821C-7DCC434F525C}.Debug|x64.ActiveCfg = Debug|x64
{8560D84E-472C-4FD7-821C-7DCC434F525C}.Debug|x64.Build.0 = Debug|x64
{8560D84E-472C-4FD7-821C-7DCC434F525C}.Release|Win32.ActiveCfg = Release|Win32
{8560D84E-472C-4FD7-821C-7DCC434F525C}.Release|Win32.Build.0 = Release|Win32
{8560D84E-472C-4FD7-821C-7DCC434F525C}.Release|x64.ActiveCfg = Release|x64
{8560D84E-472C-4FD7-821C-7DCC434F525C}.Release|x64.Build.0 = Release|x64
{B80BBF21-43E3-44C0-BC4B-9C542F2FBFC0}.Debug|Win32.ActiveCfg = Debug|Win32
{B80BBF21-43E3-44C0-BC4B-9C542F2FBFC0}.Debug|Win32.Build.0 = Debug|Win32
{B80BBF21-43E3-44C0-BC4B-9C542F2FBFC0}.Debug|x64.ActiveCfg = Debug|x64
{B80BBF21-43E3-44C0-BC4B-9C542F2FBFC0}.Debug|x64.Build.0 = Debug|x64
{B80BBF21-43E3-44C0-BC4B-9C542F2FBFC0}.Release|Win32.ActiveCfg = Release|Win32
{B80BBF21-43E3-44C0-BC4B-9C542F2FBFC0}.Release|Win32.Build.0 = Release|Win32
{B80BBF21-43E3-44C0-BC4B-9C542F2FBFC0}.Release|x64.ActiveCfg = Release|x64
{B80BBF21-43E3-44C0-BC4B-9C542F2FBFC0}.Release|x64.Build.0 = Release|x64
{C2CA25C5-2BAE-492C-A082-C0B10873D4AC}.Debug|Win32.ActiveCfg = Debug|Win32
{C2CA25C5-2BAE-492C-A082-C0B10873D4AC}.Debug|Win32.Build.0 = Debug|Win32
{C2CA25C5-2BAE-492C-A082-C0B10873D4AC}.Debug|x64.ActiveCfg = Debug|x64
{C2CA25C5-2BAE-492C-A082-C0B10873D4AC}.Debug|x64.Build.0 = Debug|x64
{C2CA25C5-2BAE-492C-A082-C0B10873D4AC}.Release|Win32.ActiveCfg = Release|Win32
{C2CA25C5-2BAE-492C-A082-C0B10873D4AC}.Release|Win32.Build.0 = Release|Win32
{C2CA25C5-2BAE-492C-A082-C0B10873D4AC}.Release|x64.ActiveCfg = Release|x64
{C2CA25C5-2BAE-492C-A082-C0B10873D4AC}.Release|x64.Build.0 = Release|x64
{9DB8BD03-2D52-4CFB-8BCF-E3FDD1A0DE4E}.Debug|Win32.ActiveCfg = Debug|Win32
{9DB8BD03-2D52-4CFB-8BCF-E3FDD1A0DE4E}.Debug|Win32.Build.0 = Debug|Win32
{9DB8BD03-2D52-4CFB-8BCF-E3FDD1A0DE4E}.Debug|x64.ActiveCfg = Debug|x64
{9DB8BD03-2D52-4CFB-8BCF-E3FDD1A0DE4E}.Debug|x64.Build.0 = Debug|x64
{9DB8BD03-2D52-4CFB-8BCF-E3FDD1A0DE4E}.Release|Win32.ActiveCfg = Release|Win32
{9DB8BD03-2D52-4CFB-8BCF-E3FDD1A0DE4E}.Release|Win32.Build.0 = Release|Win32
{9DB8BD03-2D52-4CFB-8BCF-E3FDD1A0DE4E}.Release|x64.ActiveCfg = Release|x64
{9DB8BD03-2D52-4CFB-8BCF-E3FDD1A0DE4E}.Release|x64.Build.0 = Release|x64
{67358815-B91B-4C75-9947-E609643E5C39}.Debug|Win32.ActiveCfg = Debug|Win32
{67358815-B91B-4C75-9947-E609643E5C39}.Debug|Win32.Build.0 = Debug|Win32
{67358815-B91B-4C75-9947-E609643E5C39}.Debug|x64.ActiveCfg = Debug|x64
{67358815-B91B-4C75-9947-E609643E5C39}.Debug|x64.Build.0 = Debug|x64
{67358815-B91B-4C75-9947-E609643E5C39}.Release|Win32.ActiveCfg = Release|Win32
{67358815-B91B-4C75-9947-E609643E5C39}.Release|Win32.Build.0 = Release|Win32
{67358815-B91B-4C75-9947-E609643E5C39}.Release|x64.ActiveCfg = Release|x64
{67358815-B91B-4C75-9947-E609643E5C39}.Release|x64.Build.0 = Release|x64
{7664BDE3-4497-4176-B3EF-924A250C0BCF}.Debug|Win32.ActiveCfg = Debug|Win32
{7664BDE3-4497-4176-B3EF-924A250C0BCF}.Debug|Win32.Build.0 = Debug|Win32
{7664BDE3-4497-4176-B3EF-924A250C0BCF}.Debug|x64.ActiveCfg = Debug|x64
{7664BDE3-4497-4176-B3EF-924A250C0BCF}.Debug|x64.Build.0 = Debug|x64
{7664BDE3-4497-4176-B3EF-924A250C0BCF}.Release|Win32.ActiveCfg = Release|Win32
{7664BDE3-4497-4176-B3EF-924A250C0BCF}.Release|Win32.Build.0 = Release|Win32
{7664BDE3-4497-4176-B3EF-924A250C0BCF}.Release|x64.ActiveCfg = Release|x64
{7664BDE3-4497-4176-B3EF-924A250C0BCF}.Release|x64.Build.0 = Release|x64
{D4803852-A969-4189-9A36-D0EFDEA16C1C}.Debug|Win32.ActiveCfg = Debug|Win32
{D4803852-A969-4189-9A36-D0EFDEA16C1C}.Debug|Win32.Build.0 = Debug|Win32
{D4803852-A969-4189-9A36-D0EFDEA16C1C}.Debug|x64.ActiveCfg = Debug|x64
{D4803852-A969-4189-9A36-D0EFDEA16C1C}.Debug|x64.Build.0 = Debug|x64
{D4803852-A969-4189-9A36-D0EFDEA16C1C}.Release|Win32.ActiveCfg = Release|Win32
{D4803852-A969-4189-9A36-D0EFDEA16C1C}.Release|Win32.Build.0 = Release|Win32
{D4803852-A969-4189-9A36-D0EFDEA16C1C}.Release|x64.ActiveCfg = Release|x64
{D4803852-A969-4189-9A36-D0EFDEA16C1C}.Release|x64.Build.0 = Release|x64
{74E4F647-F316-41D4-90B8-90F85EEE246B}.Debug|Win32.ActiveCfg = Debug|Win32
{74E4F647-F316-41D4-90B8-90F85EEE246B}.Debug|Win32.Build.0 = Debug|Win32
{74E4F647-F316-41D4-90B8-90F85EEE246B}.Debug|x64.ActiveCfg = Debug|x64
{74E4F647-F316-41D4-90B8-90F85EEE246B}.Debug|x64.Build.0 = Debug|x64
{74E4F647-F316-41D4-90B8-90F85EEE246B}.Release|Win32.ActiveCfg = Release|Win32
{74E4F647-F316-41D4-90B8-90F85EEE246B}.Release|Win32.Build.0 = Release|Win32
{74E4F647-F316-41D4-90B8-90F85EEE246B}.Release|x64.ActiveCfg = Release|x64
{74E4F647-F316-41D4-90B8-90F85EEE246B}.Release|x64.Build.0 = Release|x64
{6C09F651-58FC-4F09-8D1B-86215F189FB3}.Debug|Win32.ActiveCfg = Debug|Win32
{6C09F651-58FC-4F09-8D1B-86215F189FB3}.Debug|Win32.Build.0 = Debug|Win32
{6C09F651-58FC-4F09-8D1B-86215F189FB3}.Debug|x64.ActiveCfg = Debug|x64
{6C09F651-58FC-4F09-8D1B-86215F189FB3}.Debug|x64.Build.0 = Debug|x64
{6C09F651-58FC-4F09-8D1B-86215F189FB3}.Release|Win32.ActiveCfg = Release|Win32
{6C09F651-58FC-4F09-8D1B-86215F189FB3}.Release|Win32.Build.0 = Release|Win32
{6C09F651-58FC-4F09-8D1B-86215F189FB3}.Release|x64.ActiveCfg = Release|x64
{6C09F651-58FC-4F09-8D1B-86215F189FB3}.Release|x64.Build.0 = Release|x64
{53B04134-3CA1-428F-AC71-AB0A32C965D3}.Debug|Win32.ActiveCfg = Debug|Win32
{53B04134-3CA1-428F-AC71-AB0A32C965D3}.Debug|Win32.Build.0 = Debug|Win32
{53B04134-3CA1-428F-AC71-AB0A32C965D3}.Debug|x64.ActiveCfg = Debug|x64
{53B04134-3CA1-428F-AC71-AB0A32C965D3}.Debug|x64.Build.0 = Debug|x64
{53B04134-3CA1-428F-AC71-AB0A32C965D3}.Release|Win32.ActiveCfg = Release|Win32
{53B04134-3CA1-428F-AC71-AB0A32C965D3}.Release|Win32.Build.0 = Release|Win32
{53B04134-3CA1-428F-AC71-AB0A32C965D3}.Release|x64.ActiveCfg = Release|x64
{53B04134-3CA1-428F-AC71-AB0A32C965D3}.Release|x64.Build.0 = Release|x64
EndGlobalSection

  GlobalSection(SolutionProperties) = preSolution
    HideSolutionNode = FALSE
  EndGlobalSection
EndGlobal
