Microsoft Visual Studio Solution File, Format Version 11.00
# Visual Studio 2010
Project("{8BC9CEB8-8B4A-11D0-8D11-00A0C91BC942}") = "libmpr", "win-i686-debug\libmpr.vcxproj", "{5C6906D2-DE59-40C5-9627-D57488631105}"
EndProject
Project("{8BC9CEB8-8B4A-11D0-8D11-00A0C91BC942}") = "manager", "win-i686-debug\manager.vcxproj", "{B7C0EE0E-D4DA-460E-9681-C0C54A0ED687}"
	ProjectSection(ProjectDependencies) = postProject
		{5C6906D2-DE59-40C5-9627-D57488631105} = {5C6906D2-DE59-40C5-9627-D57488631105}
	EndProjectSection
EndProject
Project("{8BC9CEB8-8B4A-11D0-8D11-00A0C91BC942}") = "makerom", "win-i686-debug\makerom.vcxproj", "{A20F2A88-FA48-48B2-8070-9AD75EFAC1DD}"
	ProjectSection(ProjectDependencies) = postProject
		{5C6906D2-DE59-40C5-9627-D57488631105} = {5C6906D2-DE59-40C5-9627-D57488631105}
	EndProjectSection
EndProject
Project("{8BC9CEB8-8B4A-11D0-8D11-00A0C91BC942}") = "libpcre", "win-i686-debug\libpcre.vcxproj", "{6875827C-D537-4E40-BAFA-DC25BD557E29}"
EndProject
Project("{8BC9CEB8-8B4A-11D0-8D11-00A0C91BC942}") = "libhttp", "win-i686-debug\libhttp.vcxproj", "{51CF6B0C-AF4E-43D0-950E-F658FC729E8A}"
	ProjectSection(ProjectDependencies) = postProject
		{5C6906D2-DE59-40C5-9627-D57488631105} = {5C6906D2-DE59-40C5-9627-D57488631105}
	EndProjectSection
	ProjectSection(ProjectDependencies) = postProject
		{6875827C-D537-4E40-BAFA-DC25BD557E29} = {6875827C-D537-4E40-BAFA-DC25BD557E29}
	EndProjectSection
EndProject
Project("{8BC9CEB8-8B4A-11D0-8D11-00A0C91BC942}") = "http", "win-i686-debug\http.vcxproj", "{9DD84055-5655-432F-9752-80A258E95E0E}"
	ProjectSection(ProjectDependencies) = postProject
		{51CF6B0C-AF4E-43D0-950E-F658FC729E8A} = {51CF6B0C-AF4E-43D0-950E-F658FC729E8A}
	EndProjectSection
EndProject
Project("{8BC9CEB8-8B4A-11D0-8D11-00A0C91BC942}") = "libsqlite3", "win-i686-debug\libsqlite3.vcxproj", "{23F7765F-CE24-44DB-98DD-C7BB91C2CACB}"
EndProject
Project("{8BC9CEB8-8B4A-11D0-8D11-00A0C91BC942}") = "libejs", "win-i686-debug\libejs.vcxproj", "{D71B420A-6170-461D-8D1F-A3C7F38A095F}"
	ProjectSection(ProjectDependencies) = postProject
		{5C6906D2-DE59-40C5-9627-D57488631105} = {5C6906D2-DE59-40C5-9627-D57488631105}
	EndProjectSection
	ProjectSection(ProjectDependencies) = postProject
		{6875827C-D537-4E40-BAFA-DC25BD557E29} = {6875827C-D537-4E40-BAFA-DC25BD557E29}
	EndProjectSection
	ProjectSection(ProjectDependencies) = postProject
		{51CF6B0C-AF4E-43D0-950E-F658FC729E8A} = {51CF6B0C-AF4E-43D0-950E-F658FC729E8A}
	EndProjectSection
EndProject
Project("{8BC9CEB8-8B4A-11D0-8D11-00A0C91BC942}") = "ejs", "win-i686-debug\ejs.vcxproj", "{E4E4C124-13B6-4EFE-8AD8-F8B659D1C1E3}"
	ProjectSection(ProjectDependencies) = postProject
		{D71B420A-6170-461D-8D1F-A3C7F38A095F} = {D71B420A-6170-461D-8D1F-A3C7F38A095F}
	EndProjectSection
EndProject
Project("{8BC9CEB8-8B4A-11D0-8D11-00A0C91BC942}") = "ejsc", "win-i686-debug\ejsc.vcxproj", "{DB4CD428-04E6-4F91-BD83-33272B5C62D2}"
	ProjectSection(ProjectDependencies) = postProject
		{D71B420A-6170-461D-8D1F-A3C7F38A095F} = {D71B420A-6170-461D-8D1F-A3C7F38A095F}
	EndProjectSection
EndProject
Project("{8BC9CEB8-8B4A-11D0-8D11-00A0C91BC942}") = "ejsmod", "win-i686-debug\ejsmod.vcxproj", "{12B64EF7-DB71-4B7C-8C3B-1CB86AE28D6A}"
	ProjectSection(ProjectDependencies) = postProject
		{D71B420A-6170-461D-8D1F-A3C7F38A095F} = {D71B420A-6170-461D-8D1F-A3C7F38A095F}
	EndProjectSection
EndProject
Project("{8BC9CEB8-8B4A-11D0-8D11-00A0C91BC942}") = "ejsrun", "win-i686-debug\ejsrun.vcxproj", "{72D811A5-C98E-4BD0-93D3-C199069A3893}"
	ProjectSection(ProjectDependencies) = postProject
		{D71B420A-6170-461D-8D1F-A3C7F38A095F} = {D71B420A-6170-461D-8D1F-A3C7F38A095F}
	EndProjectSection
EndProject
Project("{8BC9CEB8-8B4A-11D0-8D11-00A0C91BC942}") = "ejs.db.sqlite", "win-i686-debug\ejs.db.sqlite", "{4E7B4E70-14D1-49D6-B6F7-0BDA2EDDD58B}"
	ProjectSection(ProjectDependencies) = postProject
		{5C6906D2-DE59-40C5-9627-D57488631105} = {5C6906D2-DE59-40C5-9627-D57488631105}
	EndProjectSection
	ProjectSection(ProjectDependencies) = postProject
		{D71B420A-6170-461D-8D1F-A3C7F38A095F} = {D71B420A-6170-461D-8D1F-A3C7F38A095F}
	EndProjectSection
	ProjectSection(ProjectDependencies) = postProject
		{23F7765F-CE24-44DB-98DD-C7BB91C2CACB} = {23F7765F-CE24-44DB-98DD-C7BB91C2CACB}
	EndProjectSection
EndProject
Project("{8BC9CEB8-8B4A-11D0-8D11-00A0C91BC942}") = "ejs.web", "win-i686-debug\ejs.web", "{B6CF7306-C94C-4C96-BB71-B5797B4B99D3}"
	ProjectSection(ProjectDependencies) = postProject
		{5C6906D2-DE59-40C5-9627-D57488631105} = {5C6906D2-DE59-40C5-9627-D57488631105}
	EndProjectSection
	ProjectSection(ProjectDependencies) = postProject
		{51CF6B0C-AF4E-43D0-950E-F658FC729E8A} = {51CF6B0C-AF4E-43D0-950E-F658FC729E8A}
	EndProjectSection
	ProjectSection(ProjectDependencies) = postProject
		{6875827C-D537-4E40-BAFA-DC25BD557E29} = {6875827C-D537-4E40-BAFA-DC25BD557E29}
	EndProjectSection
	ProjectSection(ProjectDependencies) = postProject
		{D71B420A-6170-461D-8D1F-A3C7F38A095F} = {D71B420A-6170-461D-8D1F-A3C7F38A095F}
	EndProjectSection
EndProject

Global
	GlobalSection(SolutionConfigurationPlatforms) = preSolution
		Debug|Win32 = Debug|Win32
	EndGlobalSection
	GlobalSection(ProjectConfigurationPlatforms) = postSolution
{5C6906D2-DE59-40C5-9627-D57488631105}.Debug|Win32.ActiveCfg = Debug|Win32
{5C6906D2-DE59-40C5-9627-D57488631105}.Debug|Win32.Build.0 = Debug|Win32
{B7C0EE0E-D4DA-460E-9681-C0C54A0ED687}.Debug|Win32.ActiveCfg = Debug|Win32
{B7C0EE0E-D4DA-460E-9681-C0C54A0ED687}.Debug|Win32.Build.0 = Debug|Win32
{A20F2A88-FA48-48B2-8070-9AD75EFAC1DD}.Debug|Win32.ActiveCfg = Debug|Win32
{A20F2A88-FA48-48B2-8070-9AD75EFAC1DD}.Debug|Win32.Build.0 = Debug|Win32
{6875827C-D537-4E40-BAFA-DC25BD557E29}.Debug|Win32.ActiveCfg = Debug|Win32
{6875827C-D537-4E40-BAFA-DC25BD557E29}.Debug|Win32.Build.0 = Debug|Win32
{51CF6B0C-AF4E-43D0-950E-F658FC729E8A}.Debug|Win32.ActiveCfg = Debug|Win32
{51CF6B0C-AF4E-43D0-950E-F658FC729E8A}.Debug|Win32.Build.0 = Debug|Win32
{9DD84055-5655-432F-9752-80A258E95E0E}.Debug|Win32.ActiveCfg = Debug|Win32
{9DD84055-5655-432F-9752-80A258E95E0E}.Debug|Win32.Build.0 = Debug|Win32
{23F7765F-CE24-44DB-98DD-C7BB91C2CACB}.Debug|Win32.ActiveCfg = Debug|Win32
{23F7765F-CE24-44DB-98DD-C7BB91C2CACB}.Debug|Win32.Build.0 = Debug|Win32
{D71B420A-6170-461D-8D1F-A3C7F38A095F}.Debug|Win32.ActiveCfg = Debug|Win32
{D71B420A-6170-461D-8D1F-A3C7F38A095F}.Debug|Win32.Build.0 = Debug|Win32
{E4E4C124-13B6-4EFE-8AD8-F8B659D1C1E3}.Debug|Win32.ActiveCfg = Debug|Win32
{E4E4C124-13B6-4EFE-8AD8-F8B659D1C1E3}.Debug|Win32.Build.0 = Debug|Win32
{DB4CD428-04E6-4F91-BD83-33272B5C62D2}.Debug|Win32.ActiveCfg = Debug|Win32
{DB4CD428-04E6-4F91-BD83-33272B5C62D2}.Debug|Win32.Build.0 = Debug|Win32
{12B64EF7-DB71-4B7C-8C3B-1CB86AE28D6A}.Debug|Win32.ActiveCfg = Debug|Win32
{12B64EF7-DB71-4B7C-8C3B-1CB86AE28D6A}.Debug|Win32.Build.0 = Debug|Win32
{72D811A5-C98E-4BD0-93D3-C199069A3893}.Debug|Win32.ActiveCfg = Debug|Win32
{72D811A5-C98E-4BD0-93D3-C199069A3893}.Debug|Win32.Build.0 = Debug|Win32
{4E7B4E70-14D1-49D6-B6F7-0BDA2EDDD58B}.Debug|Win32.ActiveCfg = Debug|Win32
{4E7B4E70-14D1-49D6-B6F7-0BDA2EDDD58B}.Debug|Win32.Build.0 = Debug|Win32
{B6CF7306-C94C-4C96-BB71-B5797B4B99D3}.Debug|Win32.ActiveCfg = Debug|Win32
{B6CF7306-C94C-4C96-BB71-B5797B4B99D3}.Debug|Win32.Build.0 = Debug|Win32
EndGlobalSection

  GlobalSection(SolutionProperties) = preSolution
    HideSolutionNode = FALSE
  EndGlobalSection
EndGlobal
