Microsoft Visual Studio Solution File, Format Version 11.00
# Visual Studio 2010
Project("{8BC9CEB8-8B4A-11D0-8D11-00A0C91BC942}") = "libmpr", "win-i686-debug\libmpr.vcxproj", "{ED611576-9F5D-41DE-97EC-93354A94196C}"
EndProject
Project("{8BC9CEB8-8B4A-11D0-8D11-00A0C91BC942}") = "manager", "win-i686-debug\manager.vcxproj", "{CDD0140E-4077-4C65-8CB4-1A80F3316DB3}"
	ProjectSection(ProjectDependencies) = postProject
		{ED611576-9F5D-41DE-97EC-93354A94196C} = {ED611576-9F5D-41DE-97EC-93354A94196C}
	EndProjectSection
EndProject
Project("{8BC9CEB8-8B4A-11D0-8D11-00A0C91BC942}") = "makerom", "win-i686-debug\makerom.vcxproj", "{DEC393CF-C474-4E23-837F-D40EE3E6B634}"
	ProjectSection(ProjectDependencies) = postProject
		{ED611576-9F5D-41DE-97EC-93354A94196C} = {ED611576-9F5D-41DE-97EC-93354A94196C}
	EndProjectSection
EndProject
Project("{8BC9CEB8-8B4A-11D0-8D11-00A0C91BC942}") = "libpcre", "win-i686-debug\libpcre.vcxproj", "{4637B438-D3B0-4F75-98BF-07D2B15119B3}"
EndProject
Project("{8BC9CEB8-8B4A-11D0-8D11-00A0C91BC942}") = "libhttp", "win-i686-debug\libhttp.vcxproj", "{E3192C94-DE95-49F3-B4A2-11108A24AEBD}"
	ProjectSection(ProjectDependencies) = postProject
		{ED611576-9F5D-41DE-97EC-93354A94196C} = {ED611576-9F5D-41DE-97EC-93354A94196C}
	EndProjectSection
	ProjectSection(ProjectDependencies) = postProject
		{4637B438-D3B0-4F75-98BF-07D2B15119B3} = {4637B438-D3B0-4F75-98BF-07D2B15119B3}
	EndProjectSection
EndProject
Project("{8BC9CEB8-8B4A-11D0-8D11-00A0C91BC942}") = "http", "win-i686-debug\http.vcxproj", "{97274460-527D-4EBC-81F0-4E782EBFCEE1}"
	ProjectSection(ProjectDependencies) = postProject
		{E3192C94-DE95-49F3-B4A2-11108A24AEBD} = {E3192C94-DE95-49F3-B4A2-11108A24AEBD}
	EndProjectSection
EndProject
Project("{8BC9CEB8-8B4A-11D0-8D11-00A0C91BC942}") = "libsqlite3", "win-i686-debug\libsqlite3.vcxproj", "{2809C7C5-BD83-4A74-8E98-7AEEA1EA088D}"
EndProject
Project("{8BC9CEB8-8B4A-11D0-8D11-00A0C91BC942}") = "libejs", "win-i686-debug\libejs.vcxproj", "{394DE85E-140B-49D7-ABE6-7A5B7DB192A3}"
	ProjectSection(ProjectDependencies) = postProject
		{ED611576-9F5D-41DE-97EC-93354A94196C} = {ED611576-9F5D-41DE-97EC-93354A94196C}
	EndProjectSection
	ProjectSection(ProjectDependencies) = postProject
		{4637B438-D3B0-4F75-98BF-07D2B15119B3} = {4637B438-D3B0-4F75-98BF-07D2B15119B3}
	EndProjectSection
	ProjectSection(ProjectDependencies) = postProject
		{E3192C94-DE95-49F3-B4A2-11108A24AEBD} = {E3192C94-DE95-49F3-B4A2-11108A24AEBD}
	EndProjectSection
EndProject
Project("{8BC9CEB8-8B4A-11D0-8D11-00A0C91BC942}") = "ejs", "win-i686-debug\ejs.vcxproj", "{1A41DEA6-B856-4A09-AAEB-5828C7D7ABAF}"
	ProjectSection(ProjectDependencies) = postProject
		{394DE85E-140B-49D7-ABE6-7A5B7DB192A3} = {394DE85E-140B-49D7-ABE6-7A5B7DB192A3}
	EndProjectSection
EndProject
Project("{8BC9CEB8-8B4A-11D0-8D11-00A0C91BC942}") = "ejsc", "win-i686-debug\ejsc.vcxproj", "{E3043D3B-C0CB-4F46-BCFD-33E3D876AE1F}"
	ProjectSection(ProjectDependencies) = postProject
		{394DE85E-140B-49D7-ABE6-7A5B7DB192A3} = {394DE85E-140B-49D7-ABE6-7A5B7DB192A3}
	EndProjectSection
EndProject
Project("{8BC9CEB8-8B4A-11D0-8D11-00A0C91BC942}") = "ejsmod", "win-i686-debug\ejsmod.vcxproj", "{A2F81C05-1650-47E4-B6F8-7038CB529F0D}"
	ProjectSection(ProjectDependencies) = postProject
		{394DE85E-140B-49D7-ABE6-7A5B7DB192A3} = {394DE85E-140B-49D7-ABE6-7A5B7DB192A3}
	EndProjectSection
EndProject
Project("{8BC9CEB8-8B4A-11D0-8D11-00A0C91BC942}") = "ejsrun", "win-i686-debug\ejsrun.vcxproj", "{3A28AB86-E844-4056-9506-E27C30BC021D}"
	ProjectSection(ProjectDependencies) = postProject
		{394DE85E-140B-49D7-ABE6-7A5B7DB192A3} = {394DE85E-140B-49D7-ABE6-7A5B7DB192A3}
	EndProjectSection
EndProject
Project("{8BC9CEB8-8B4A-11D0-8D11-00A0C91BC942}") = "bit.exe", "win-i686-debug\bit.exe", "{D0839E82-C613-4A14-9E4D-2696422919CA}"
	ProjectSection(ProjectDependencies) = postProject
		{394DE85E-140B-49D7-ABE6-7A5B7DB192A3} = {394DE85E-140B-49D7-ABE6-7A5B7DB192A3}
	EndProjectSection
EndProject
Project("{8BC9CEB8-8B4A-11D0-8D11-00A0C91BC942}") = "ejs.db.sqlite", "win-i686-debug\ejs.db.sqlite", "{056711BF-ADD7-41E6-AA9C-00C8B0AA9D1E}"
	ProjectSection(ProjectDependencies) = postProject
		{ED611576-9F5D-41DE-97EC-93354A94196C} = {ED611576-9F5D-41DE-97EC-93354A94196C}
	EndProjectSection
	ProjectSection(ProjectDependencies) = postProject
		{394DE85E-140B-49D7-ABE6-7A5B7DB192A3} = {394DE85E-140B-49D7-ABE6-7A5B7DB192A3}
	EndProjectSection
	ProjectSection(ProjectDependencies) = postProject
		{2809C7C5-BD83-4A74-8E98-7AEEA1EA088D} = {2809C7C5-BD83-4A74-8E98-7AEEA1EA088D}
	EndProjectSection
EndProject
Project("{8BC9CEB8-8B4A-11D0-8D11-00A0C91BC942}") = "ejs.web", "win-i686-debug\ejs.web", "{52C4FDBC-B15E-457A-B7D1-BB4E6D374FDC}"
	ProjectSection(ProjectDependencies) = postProject
		{ED611576-9F5D-41DE-97EC-93354A94196C} = {ED611576-9F5D-41DE-97EC-93354A94196C}
	EndProjectSection
	ProjectSection(ProjectDependencies) = postProject
		{E3192C94-DE95-49F3-B4A2-11108A24AEBD} = {E3192C94-DE95-49F3-B4A2-11108A24AEBD}
	EndProjectSection
	ProjectSection(ProjectDependencies) = postProject
		{4637B438-D3B0-4F75-98BF-07D2B15119B3} = {4637B438-D3B0-4F75-98BF-07D2B15119B3}
	EndProjectSection
	ProjectSection(ProjectDependencies) = postProject
		{394DE85E-140B-49D7-ABE6-7A5B7DB192A3} = {394DE85E-140B-49D7-ABE6-7A5B7DB192A3}
	EndProjectSection
EndProject

Global
	GlobalSection(SolutionConfigurationPlatforms) = preSolution
		Debug|Win32 = Debug|Win32
	EndGlobalSection
	GlobalSection(ProjectConfigurationPlatforms) = postSolution
{ED611576-9F5D-41DE-97EC-93354A94196C}.Debug|Win32.ActiveCfg = Debug|Win32
{ED611576-9F5D-41DE-97EC-93354A94196C}.Debug|Win32.Build.0 = Debug|Win32
{CDD0140E-4077-4C65-8CB4-1A80F3316DB3}.Debug|Win32.ActiveCfg = Debug|Win32
{CDD0140E-4077-4C65-8CB4-1A80F3316DB3}.Debug|Win32.Build.0 = Debug|Win32
{DEC393CF-C474-4E23-837F-D40EE3E6B634}.Debug|Win32.ActiveCfg = Debug|Win32
{DEC393CF-C474-4E23-837F-D40EE3E6B634}.Debug|Win32.Build.0 = Debug|Win32
{4637B438-D3B0-4F75-98BF-07D2B15119B3}.Debug|Win32.ActiveCfg = Debug|Win32
{4637B438-D3B0-4F75-98BF-07D2B15119B3}.Debug|Win32.Build.0 = Debug|Win32
{E3192C94-DE95-49F3-B4A2-11108A24AEBD}.Debug|Win32.ActiveCfg = Debug|Win32
{E3192C94-DE95-49F3-B4A2-11108A24AEBD}.Debug|Win32.Build.0 = Debug|Win32
{97274460-527D-4EBC-81F0-4E782EBFCEE1}.Debug|Win32.ActiveCfg = Debug|Win32
{97274460-527D-4EBC-81F0-4E782EBFCEE1}.Debug|Win32.Build.0 = Debug|Win32
{2809C7C5-BD83-4A74-8E98-7AEEA1EA088D}.Debug|Win32.ActiveCfg = Debug|Win32
{2809C7C5-BD83-4A74-8E98-7AEEA1EA088D}.Debug|Win32.Build.0 = Debug|Win32
{394DE85E-140B-49D7-ABE6-7A5B7DB192A3}.Debug|Win32.ActiveCfg = Debug|Win32
{394DE85E-140B-49D7-ABE6-7A5B7DB192A3}.Debug|Win32.Build.0 = Debug|Win32
{1A41DEA6-B856-4A09-AAEB-5828C7D7ABAF}.Debug|Win32.ActiveCfg = Debug|Win32
{1A41DEA6-B856-4A09-AAEB-5828C7D7ABAF}.Debug|Win32.Build.0 = Debug|Win32
{E3043D3B-C0CB-4F46-BCFD-33E3D876AE1F}.Debug|Win32.ActiveCfg = Debug|Win32
{E3043D3B-C0CB-4F46-BCFD-33E3D876AE1F}.Debug|Win32.Build.0 = Debug|Win32
{A2F81C05-1650-47E4-B6F8-7038CB529F0D}.Debug|Win32.ActiveCfg = Debug|Win32
{A2F81C05-1650-47E4-B6F8-7038CB529F0D}.Debug|Win32.Build.0 = Debug|Win32
{3A28AB86-E844-4056-9506-E27C30BC021D}.Debug|Win32.ActiveCfg = Debug|Win32
{3A28AB86-E844-4056-9506-E27C30BC021D}.Debug|Win32.Build.0 = Debug|Win32
{D0839E82-C613-4A14-9E4D-2696422919CA}.Debug|Win32.ActiveCfg = Debug|Win32
{D0839E82-C613-4A14-9E4D-2696422919CA}.Debug|Win32.Build.0 = Debug|Win32
{056711BF-ADD7-41E6-AA9C-00C8B0AA9D1E}.Debug|Win32.ActiveCfg = Debug|Win32
{056711BF-ADD7-41E6-AA9C-00C8B0AA9D1E}.Debug|Win32.Build.0 = Debug|Win32
{52C4FDBC-B15E-457A-B7D1-BB4E6D374FDC}.Debug|Win32.ActiveCfg = Debug|Win32
{52C4FDBC-B15E-457A-B7D1-BB4E6D374FDC}.Debug|Win32.Build.0 = Debug|Win32
EndGlobalSection

  GlobalSection(SolutionProperties) = preSolution
    HideSolutionNode = FALSE
  EndGlobalSection
EndGlobal
