
Microsoft Visual Studio Solution File, Format Version 11.00
# Visual Studio 2010
Project("{8BC9CEB8-8B4A-11D0-8D11-00A0C91BC942}") = "setup", "setup.vcxproj", "{537900C4-79DD-4F5A-965D-0FCC6908988A}"
EndProject
Project("{8BC9CEB8-8B4A-11D0-8D11-00A0C91BC942}") = "libmpr", "libmpr.vcxproj", "{3EE649A4-3FF6-4E96-8BD8-926F009EB7FA}"
	ProjectSection(ProjectDependencies) = postProject
		{537900C4-79DD-4F5A-965D-0FCC6908988A} = {537900C4-79DD-4F5A-965D-0FCC6908988A}
	EndProjectSection
EndProject
Project("{8BC9CEB8-8B4A-11D0-8D11-00A0C91BC942}") = "libsqlite3", "libsqlite3.vcxproj", "{73F45375-ECBB-4CE6-8DE9-052A1FEB5C69}"
EndProject
Project("{8BC9CEB8-8B4A-11D0-8D11-00A0C91BC942}") = "libmprssl", "libmprssl.vcxproj", "{D92223E5-7267-46A1-AF0A-D97A9B54073B}"
EndProject
Project("{8BC9CEB8-8B4A-11D0-8D11-00A0C91BC942}") = "libpcre", "libpcre.vcxproj", "{F1EA2DB8-4E1C-48A8-937A-7C69823F5D27}"
	ProjectSection(ProjectDependencies) = postProject
		{537900C4-79DD-4F5A-965D-0FCC6908988A} = {537900C4-79DD-4F5A-965D-0FCC6908988A}
	EndProjectSection
EndProject
Project("{8BC9CEB8-8B4A-11D0-8D11-00A0C91BC942}") = "libhttp", "libhttp.vcxproj", "{EB3DB44C-827B-46A7-88EB-88B09474662B}"
EndProject
Project("{8BC9CEB8-8B4A-11D0-8D11-00A0C91BC942}") = "libejs", "libejs.vcxproj", "{CEB65B91-E1F3-44C5-A7A5-05F290E41A58}"
EndProject
Project("{8BC9CEB8-8B4A-11D0-8D11-00A0C91BC942}") = "ejsmod", "ejsmod.vcxproj", "{AC076A3E-E0BE-4B93-9797-9295F2C24459}"
EndProject
Project("{8BC9CEB8-8B4A-11D0-8D11-00A0C91BC942}") = "ejsc", "ejsc.vcxproj", "{D8F0808F-C696-492A-A523-6EBF4C4CD545}"
	ProjectSection(ProjectDependencies) = postProject
		{AC076A3E-E0BE-4B93-9797-9295F2C24459} = {AC076A3E-E0BE-4B93-9797-9295F2C24459}
	EndProjectSection
EndProject
Project("{8BC9CEB8-8B4A-11D0-8D11-00A0C91BC942}") = "ejs", "ejs.vcxproj", "{C8A48478-A566-4F19-8BF5-3AC2BB77E0E2}"
	ProjectSection(ProjectDependencies) = postProject
		{D8F0808F-C696-492A-A523-6EBF4C4CD545} = {D8F0808F-C696-492A-A523-6EBF4C4CD545}
	EndProjectSection
	ProjectSection(ProjectDependencies) = postProject
		{AC076A3E-E0BE-4B93-9797-9295F2C24459} = {AC076A3E-E0BE-4B93-9797-9295F2C24459}
	EndProjectSection
EndProject
Project("{8BC9CEB8-8B4A-11D0-8D11-00A0C91BC942}") = "sqlite", "sqlite.vcxproj", "{C45C6E19-9737-4BA2-B2B7-0BF71BF86857}"
EndProject
Project("{8BC9CEB8-8B4A-11D0-8D11-00A0C91BC942}") = "ejs.web", "ejs.web.vcxproj", "{D4BF6D56-CD0A-4E08-82AD-CD6F58EDA1BB}"
	ProjectSection(ProjectDependencies) = postProject
		{D8F0808F-C696-492A-A523-6EBF4C4CD545} = {D8F0808F-C696-492A-A523-6EBF4C4CD545}
	EndProjectSection
EndProject
Project("{8BC9CEB8-8B4A-11D0-8D11-00A0C91BC942}") = "ejs.db.sqlite", "ejs.db.sqlite.vcxproj", "{91602623-AAAC-4FD6-923F-1FBBC42B5737}"
	ProjectSection(ProjectDependencies) = postProject
		{D8F0808F-C696-492A-A523-6EBF4C4CD545} = {D8F0808F-C696-492A-A523-6EBF4C4CD545}
	EndProjectSection
EndProject
Project("{8BC9CEB8-8B4A-11D0-8D11-00A0C91BC942}") = "http", "http.vcxproj", "{B40FAFA5-2328-481F-8013-603DF672D294}"
EndProject
Global
	GlobalSection(SolutionConfigurationPlatforms) = preSolution
		Debug|Win32 = Debug|Win32
		Release|Win32 = Release|Win32
	EndGlobalSection
	GlobalSection(ProjectConfigurationPlatforms) = postSolution
{537900C4-79DD-4F5A-965D-0FCC6908988A}.Debug|Win32.ActiveCfg = Debug|Win32
{537900C4-79DD-4F5A-965D-0FCC6908988A}.Debug|Win32.Build.0 = Debug|Win32
{537900C4-79DD-4F5A-965D-0FCC6908988A}.Release|Win32.ActiveCfg = Release|Win32
{537900C4-79DD-4F5A-965D-0FCC6908988A}.Release|Win32.Build.0 = Release|Win32
{3EE649A4-3FF6-4E96-8BD8-926F009EB7FA}.Debug|Win32.ActiveCfg = Debug|Win32
{3EE649A4-3FF6-4E96-8BD8-926F009EB7FA}.Debug|Win32.Build.0 = Debug|Win32
{3EE649A4-3FF6-4E96-8BD8-926F009EB7FA}.Release|Win32.ActiveCfg = Release|Win32
{3EE649A4-3FF6-4E96-8BD8-926F009EB7FA}.Release|Win32.Build.0 = Release|Win32
{73F45375-ECBB-4CE6-8DE9-052A1FEB5C69}.Debug|Win32.ActiveCfg = Debug|Win32
{73F45375-ECBB-4CE6-8DE9-052A1FEB5C69}.Debug|Win32.Build.0 = Debug|Win32
{73F45375-ECBB-4CE6-8DE9-052A1FEB5C69}.Release|Win32.ActiveCfg = Release|Win32
{73F45375-ECBB-4CE6-8DE9-052A1FEB5C69}.Release|Win32.Build.0 = Release|Win32
{D92223E5-7267-46A1-AF0A-D97A9B54073B}.Debug|Win32.ActiveCfg = Debug|Win32
{D92223E5-7267-46A1-AF0A-D97A9B54073B}.Debug|Win32.Build.0 = Debug|Win32
{D92223E5-7267-46A1-AF0A-D97A9B54073B}.Release|Win32.ActiveCfg = Release|Win32
{D92223E5-7267-46A1-AF0A-D97A9B54073B}.Release|Win32.Build.0 = Release|Win32
{F1EA2DB8-4E1C-48A8-937A-7C69823F5D27}.Debug|Win32.ActiveCfg = Debug|Win32
{F1EA2DB8-4E1C-48A8-937A-7C69823F5D27}.Debug|Win32.Build.0 = Debug|Win32
{F1EA2DB8-4E1C-48A8-937A-7C69823F5D27}.Release|Win32.ActiveCfg = Release|Win32
{F1EA2DB8-4E1C-48A8-937A-7C69823F5D27}.Release|Win32.Build.0 = Release|Win32
{EB3DB44C-827B-46A7-88EB-88B09474662B}.Debug|Win32.ActiveCfg = Debug|Win32
{EB3DB44C-827B-46A7-88EB-88B09474662B}.Debug|Win32.Build.0 = Debug|Win32
{EB3DB44C-827B-46A7-88EB-88B09474662B}.Release|Win32.ActiveCfg = Release|Win32
{EB3DB44C-827B-46A7-88EB-88B09474662B}.Release|Win32.Build.0 = Release|Win32
{CEB65B91-E1F3-44C5-A7A5-05F290E41A58}.Debug|Win32.ActiveCfg = Debug|Win32
{CEB65B91-E1F3-44C5-A7A5-05F290E41A58}.Debug|Win32.Build.0 = Debug|Win32
{CEB65B91-E1F3-44C5-A7A5-05F290E41A58}.Release|Win32.ActiveCfg = Release|Win32
{CEB65B91-E1F3-44C5-A7A5-05F290E41A58}.Release|Win32.Build.0 = Release|Win32
{AC076A3E-E0BE-4B93-9797-9295F2C24459}.Debug|Win32.ActiveCfg = Debug|Win32
{AC076A3E-E0BE-4B93-9797-9295F2C24459}.Debug|Win32.Build.0 = Debug|Win32
{AC076A3E-E0BE-4B93-9797-9295F2C24459}.Release|Win32.ActiveCfg = Release|Win32
{AC076A3E-E0BE-4B93-9797-9295F2C24459}.Release|Win32.Build.0 = Release|Win32
{D8F0808F-C696-492A-A523-6EBF4C4CD545}.Debug|Win32.ActiveCfg = Debug|Win32
{D8F0808F-C696-492A-A523-6EBF4C4CD545}.Debug|Win32.Build.0 = Debug|Win32
{D8F0808F-C696-492A-A523-6EBF4C4CD545}.Release|Win32.ActiveCfg = Release|Win32
{D8F0808F-C696-492A-A523-6EBF4C4CD545}.Release|Win32.Build.0 = Release|Win32
{C8A48478-A566-4F19-8BF5-3AC2BB77E0E2}.Debug|Win32.ActiveCfg = Debug|Win32
{C8A48478-A566-4F19-8BF5-3AC2BB77E0E2}.Debug|Win32.Build.0 = Debug|Win32
{C8A48478-A566-4F19-8BF5-3AC2BB77E0E2}.Release|Win32.ActiveCfg = Release|Win32
{C8A48478-A566-4F19-8BF5-3AC2BB77E0E2}.Release|Win32.Build.0 = Release|Win32
{C45C6E19-9737-4BA2-B2B7-0BF71BF86857}.Debug|Win32.ActiveCfg = Debug|Win32
{C45C6E19-9737-4BA2-B2B7-0BF71BF86857}.Debug|Win32.Build.0 = Debug|Win32
{C45C6E19-9737-4BA2-B2B7-0BF71BF86857}.Release|Win32.ActiveCfg = Release|Win32
{C45C6E19-9737-4BA2-B2B7-0BF71BF86857}.Release|Win32.Build.0 = Release|Win32
{D4BF6D56-CD0A-4E08-82AD-CD6F58EDA1BB}.Debug|Win32.ActiveCfg = Debug|Win32
{D4BF6D56-CD0A-4E08-82AD-CD6F58EDA1BB}.Debug|Win32.Build.0 = Debug|Win32
{D4BF6D56-CD0A-4E08-82AD-CD6F58EDA1BB}.Release|Win32.ActiveCfg = Release|Win32
{D4BF6D56-CD0A-4E08-82AD-CD6F58EDA1BB}.Release|Win32.Build.0 = Release|Win32
{91602623-AAAC-4FD6-923F-1FBBC42B5737}.Debug|Win32.ActiveCfg = Debug|Win32
{91602623-AAAC-4FD6-923F-1FBBC42B5737}.Debug|Win32.Build.0 = Debug|Win32
{91602623-AAAC-4FD6-923F-1FBBC42B5737}.Release|Win32.ActiveCfg = Release|Win32
{91602623-AAAC-4FD6-923F-1FBBC42B5737}.Release|Win32.Build.0 = Release|Win32
{B40FAFA5-2328-481F-8013-603DF672D294}.Debug|Win32.ActiveCfg = Debug|Win32
{B40FAFA5-2328-481F-8013-603DF672D294}.Debug|Win32.Build.0 = Debug|Win32
{B40FAFA5-2328-481F-8013-603DF672D294}.Release|Win32.ActiveCfg = Release|Win32
{B40FAFA5-2328-481F-8013-603DF672D294}.Release|Win32.Build.0 = Release|Win32
    EndGlobalSection

	GlobalSection(SolutionProperties) = preSolution
		HideSolutionNode = FALSE
	EndGlobalSection
EndGlobal
