
Microsoft Visual Studio Solution File, Format Version 11.00
# Visual Studio 2010
Project("{8BC9CEB8-8B4A-11D0-8D11-00A0C91BC942}") = "setup", "setup.vcxproj", "{BD3D318F-5528-4A90-BF7C-8A95AB0D690C}"
EndProject
Project("{8BC9CEB8-8B4A-11D0-8D11-00A0C91BC942}") = "libmpr", "libmpr.vcxproj", "{348FE9F4-61E4-4710-ACD6-FF879E2AD343}"
	ProjectSection(ProjectDependencies) = postProject
		{BD3D318F-5528-4A90-BF7C-8A95AB0D690C} = {BD3D318F-5528-4A90-BF7C-8A95AB0D690C}
	EndProjectSection
EndProject
Project("{8BC9CEB8-8B4A-11D0-8D11-00A0C91BC942}") = "libsqlite3", "libsqlite3.vcxproj", "{E7F63F30-7FB1-420D-BF83-B948D084AA7B}"
EndProject
Project("{8BC9CEB8-8B4A-11D0-8D11-00A0C91BC942}") = "libmprssl", "libmprssl.vcxproj", "{802593F5-37AD-4F2F-9636-1E86CD593DAE}"
EndProject
Project("{8BC9CEB8-8B4A-11D0-8D11-00A0C91BC942}") = "libpcre", "libpcre.vcxproj", "{2D5E91C0-A243-401A-BD90-550BC07E90E1}"
	ProjectSection(ProjectDependencies) = postProject
		{BD3D318F-5528-4A90-BF7C-8A95AB0D690C} = {BD3D318F-5528-4A90-BF7C-8A95AB0D690C}
	EndProjectSection
EndProject
Project("{8BC9CEB8-8B4A-11D0-8D11-00A0C91BC942}") = "libhttp", "libhttp.vcxproj", "{DE9A60D2-43FF-4CFD-89B7-A11D57319CD3}"
EndProject
Project("{8BC9CEB8-8B4A-11D0-8D11-00A0C91BC942}") = "libejs", "libejs.vcxproj", "{2502346D-CA58-45CC-AD59-93E1DDE74A7A}"
EndProject
Project("{8BC9CEB8-8B4A-11D0-8D11-00A0C91BC942}") = "ejsmod", "ejsmod.vcxproj", "{A34FA88F-5AE2-45DB-B979-87F618B100A4}"
	ProjectSection(ProjectDependencies) = postProject
		{602483E9-D3A3-4A65-A18E-C892684FAFE8} = {602483E9-D3A3-4A65-A18E-C892684FAFE8}
	EndProjectSection
EndProject
Project("{8BC9CEB8-8B4A-11D0-8D11-00A0C91BC942}") = "ejsc", "ejsc.vcxproj", "{602483E9-D3A3-4A65-A18E-C892684FAFE8}"
EndProject
Project("{8BC9CEB8-8B4A-11D0-8D11-00A0C91BC942}") = "ejs", "ejs.vcxproj", "{E201317E-6E92-468B-8B95-51469AA8771C}"
	ProjectSection(ProjectDependencies) = postProject
		{602483E9-D3A3-4A65-A18E-C892684FAFE8} = {602483E9-D3A3-4A65-A18E-C892684FAFE8}
	EndProjectSection
	ProjectSection(ProjectDependencies) = postProject
		{A34FA88F-5AE2-45DB-B979-87F618B100A4} = {A34FA88F-5AE2-45DB-B979-87F618B100A4}
	EndProjectSection
EndProject
Project("{8BC9CEB8-8B4A-11D0-8D11-00A0C91BC942}") = "sqlite", "sqlite.vcxproj", "{FEDF68B7-7696-4933-ADFB-1360BCCA8B06}"
EndProject
Project("{8BC9CEB8-8B4A-11D0-8D11-00A0C91BC942}") = "ejs.web", "ejs.web.vcxproj", "{08E0F5A2-47B2-44E8-B305-506738160967}"
	ProjectSection(ProjectDependencies) = postProject
		{602483E9-D3A3-4A65-A18E-C892684FAFE8} = {602483E9-D3A3-4A65-A18E-C892684FAFE8}
	EndProjectSection
EndProject
Project("{8BC9CEB8-8B4A-11D0-8D11-00A0C91BC942}") = "ejs.db.sqlite", "ejs.db.sqlite.vcxproj", "{3DA4AA94-E99D-4A06-9530-C8C8814CD2E4}"
	ProjectSection(ProjectDependencies) = postProject
		{602483E9-D3A3-4A65-A18E-C892684FAFE8} = {602483E9-D3A3-4A65-A18E-C892684FAFE8}
	EndProjectSection
EndProject
Project("{8BC9CEB8-8B4A-11D0-8D11-00A0C91BC942}") = "http", "http.vcxproj", "{B536E9A8-8D07-49F9-9F03-0A6B81047C6C}"
EndProject
Global
	GlobalSection(SolutionConfigurationPlatforms) = preSolution
		Debug|Win32 = Debug|Win32
		Release|Win32 = Release|Win32
	EndGlobalSection
	GlobalSection(ProjectConfigurationPlatforms) = postSolution
{BD3D318F-5528-4A90-BF7C-8A95AB0D690C}.Debug|Win32.ActiveCfg = Debug|Win32
{BD3D318F-5528-4A90-BF7C-8A95AB0D690C}.Debug|Win32.Build.0 = Debug|Win32
{BD3D318F-5528-4A90-BF7C-8A95AB0D690C}.Release|Win32.ActiveCfg = Release|Win32
{BD3D318F-5528-4A90-BF7C-8A95AB0D690C}.Release|Win32.Build.0 = Release|Win32
{348FE9F4-61E4-4710-ACD6-FF879E2AD343}.Debug|Win32.ActiveCfg = Debug|Win32
{348FE9F4-61E4-4710-ACD6-FF879E2AD343}.Debug|Win32.Build.0 = Debug|Win32
{348FE9F4-61E4-4710-ACD6-FF879E2AD343}.Release|Win32.ActiveCfg = Release|Win32
{348FE9F4-61E4-4710-ACD6-FF879E2AD343}.Release|Win32.Build.0 = Release|Win32
{E7F63F30-7FB1-420D-BF83-B948D084AA7B}.Debug|Win32.ActiveCfg = Debug|Win32
{E7F63F30-7FB1-420D-BF83-B948D084AA7B}.Debug|Win32.Build.0 = Debug|Win32
{E7F63F30-7FB1-420D-BF83-B948D084AA7B}.Release|Win32.ActiveCfg = Release|Win32
{E7F63F30-7FB1-420D-BF83-B948D084AA7B}.Release|Win32.Build.0 = Release|Win32
{802593F5-37AD-4F2F-9636-1E86CD593DAE}.Debug|Win32.ActiveCfg = Debug|Win32
{802593F5-37AD-4F2F-9636-1E86CD593DAE}.Debug|Win32.Build.0 = Debug|Win32
{802593F5-37AD-4F2F-9636-1E86CD593DAE}.Release|Win32.ActiveCfg = Release|Win32
{802593F5-37AD-4F2F-9636-1E86CD593DAE}.Release|Win32.Build.0 = Release|Win32
{2D5E91C0-A243-401A-BD90-550BC07E90E1}.Debug|Win32.ActiveCfg = Debug|Win32
{2D5E91C0-A243-401A-BD90-550BC07E90E1}.Debug|Win32.Build.0 = Debug|Win32
{2D5E91C0-A243-401A-BD90-550BC07E90E1}.Release|Win32.ActiveCfg = Release|Win32
{2D5E91C0-A243-401A-BD90-550BC07E90E1}.Release|Win32.Build.0 = Release|Win32
{DE9A60D2-43FF-4CFD-89B7-A11D57319CD3}.Debug|Win32.ActiveCfg = Debug|Win32
{DE9A60D2-43FF-4CFD-89B7-A11D57319CD3}.Debug|Win32.Build.0 = Debug|Win32
{DE9A60D2-43FF-4CFD-89B7-A11D57319CD3}.Release|Win32.ActiveCfg = Release|Win32
{DE9A60D2-43FF-4CFD-89B7-A11D57319CD3}.Release|Win32.Build.0 = Release|Win32
{2502346D-CA58-45CC-AD59-93E1DDE74A7A}.Debug|Win32.ActiveCfg = Debug|Win32
{2502346D-CA58-45CC-AD59-93E1DDE74A7A}.Debug|Win32.Build.0 = Debug|Win32
{2502346D-CA58-45CC-AD59-93E1DDE74A7A}.Release|Win32.ActiveCfg = Release|Win32
{2502346D-CA58-45CC-AD59-93E1DDE74A7A}.Release|Win32.Build.0 = Release|Win32
{A34FA88F-5AE2-45DB-B979-87F618B100A4}.Debug|Win32.ActiveCfg = Debug|Win32
{A34FA88F-5AE2-45DB-B979-87F618B100A4}.Debug|Win32.Build.0 = Debug|Win32
{A34FA88F-5AE2-45DB-B979-87F618B100A4}.Release|Win32.ActiveCfg = Release|Win32
{A34FA88F-5AE2-45DB-B979-87F618B100A4}.Release|Win32.Build.0 = Release|Win32
{602483E9-D3A3-4A65-A18E-C892684FAFE8}.Debug|Win32.ActiveCfg = Debug|Win32
{602483E9-D3A3-4A65-A18E-C892684FAFE8}.Debug|Win32.Build.0 = Debug|Win32
{602483E9-D3A3-4A65-A18E-C892684FAFE8}.Release|Win32.ActiveCfg = Release|Win32
{602483E9-D3A3-4A65-A18E-C892684FAFE8}.Release|Win32.Build.0 = Release|Win32
{E201317E-6E92-468B-8B95-51469AA8771C}.Debug|Win32.ActiveCfg = Debug|Win32
{E201317E-6E92-468B-8B95-51469AA8771C}.Debug|Win32.Build.0 = Debug|Win32
{E201317E-6E92-468B-8B95-51469AA8771C}.Release|Win32.ActiveCfg = Release|Win32
{E201317E-6E92-468B-8B95-51469AA8771C}.Release|Win32.Build.0 = Release|Win32
{FEDF68B7-7696-4933-ADFB-1360BCCA8B06}.Debug|Win32.ActiveCfg = Debug|Win32
{FEDF68B7-7696-4933-ADFB-1360BCCA8B06}.Debug|Win32.Build.0 = Debug|Win32
{FEDF68B7-7696-4933-ADFB-1360BCCA8B06}.Release|Win32.ActiveCfg = Release|Win32
{FEDF68B7-7696-4933-ADFB-1360BCCA8B06}.Release|Win32.Build.0 = Release|Win32
{08E0F5A2-47B2-44E8-B305-506738160967}.Debug|Win32.ActiveCfg = Debug|Win32
{08E0F5A2-47B2-44E8-B305-506738160967}.Debug|Win32.Build.0 = Debug|Win32
{08E0F5A2-47B2-44E8-B305-506738160967}.Release|Win32.ActiveCfg = Release|Win32
{08E0F5A2-47B2-44E8-B305-506738160967}.Release|Win32.Build.0 = Release|Win32
{3DA4AA94-E99D-4A06-9530-C8C8814CD2E4}.Debug|Win32.ActiveCfg = Debug|Win32
{3DA4AA94-E99D-4A06-9530-C8C8814CD2E4}.Debug|Win32.Build.0 = Debug|Win32
{3DA4AA94-E99D-4A06-9530-C8C8814CD2E4}.Release|Win32.ActiveCfg = Release|Win32
{3DA4AA94-E99D-4A06-9530-C8C8814CD2E4}.Release|Win32.Build.0 = Release|Win32
{B536E9A8-8D07-49F9-9F03-0A6B81047C6C}.Debug|Win32.ActiveCfg = Debug|Win32
{B536E9A8-8D07-49F9-9F03-0A6B81047C6C}.Debug|Win32.Build.0 = Debug|Win32
{B536E9A8-8D07-49F9-9F03-0A6B81047C6C}.Release|Win32.ActiveCfg = Release|Win32
{B536E9A8-8D07-49F9-9F03-0A6B81047C6C}.Release|Win32.Build.0 = Release|Win32
    EndGlobalSection

	GlobalSection(SolutionProperties) = preSolution
		HideSolutionNode = FALSE
	EndGlobalSection
EndGlobal
