
Microsoft Visual Studio Solution File, Format Version 11.00
# Visual Studio 2010
Project("{8BC9CEB8-8B4A-11D0-8D11-00A0C91BC942}") = "setup", "setup.vcxproj", "{5F10E9D1-9D25-4138-8680-DDA23E01F00A}"
EndProject
Project("{8BC9CEB8-8B4A-11D0-8D11-00A0C91BC942}") = "libmpr", "libmpr.vcxproj", "{8CC6BD0E-2BD2-42AA-865C-DDDD6A41C7B7}"
	ProjectSection(ProjectDependencies) = postProject
		{5F10E9D1-9D25-4138-8680-DDA23E01F00A} = {5F10E9D1-9D25-4138-8680-DDA23E01F00A}
	EndProjectSection
EndProject
Project("{8BC9CEB8-8B4A-11D0-8D11-00A0C91BC942}") = "libsqlite3", "libsqlite3.vcxproj", "{8DF50032-53AF-4D2A-B7E9-6B4F7DD7CE72}"
EndProject
Project("{8BC9CEB8-8B4A-11D0-8D11-00A0C91BC942}") = "libmprssl", "libmprssl.vcxproj", "{2770FE49-648E-47CE-9BEF-3D4D439CE12F}"
EndProject
Project("{8BC9CEB8-8B4A-11D0-8D11-00A0C91BC942}") = "libpcre", "libpcre.vcxproj", "{3DC8C1B0-CF06-4B50-B4BD-4D47B48F3791}"
	ProjectSection(ProjectDependencies) = postProject
		{5F10E9D1-9D25-4138-8680-DDA23E01F00A} = {5F10E9D1-9D25-4138-8680-DDA23E01F00A}
	EndProjectSection
EndProject
Project("{8BC9CEB8-8B4A-11D0-8D11-00A0C91BC942}") = "libhttp", "libhttp.vcxproj", "{EBFFF32F-322D-4095-8964-D29EDC589D3A}"
EndProject
Project("{8BC9CEB8-8B4A-11D0-8D11-00A0C91BC942}") = "libejs", "libejs.vcxproj", "{42D49714-9973-4E5A-B233-05C755CBAED1}"
EndProject
Project("{8BC9CEB8-8B4A-11D0-8D11-00A0C91BC942}") = "ejsmod", "ejsmod.vcxproj", "{69B09587-AE6B-429E-83B8-8D4040ED85EB}"
EndProject
Project("{8BC9CEB8-8B4A-11D0-8D11-00A0C91BC942}") = "ejsc", "ejsc.vcxproj", "{F04D67D6-4D7B-49B4-9E2C-4D2D0B9BDB70}"
	ProjectSection(ProjectDependencies) = postProject
		{69B09587-AE6B-429E-83B8-8D4040ED85EB} = {69B09587-AE6B-429E-83B8-8D4040ED85EB}
	EndProjectSection
EndProject
Project("{8BC9CEB8-8B4A-11D0-8D11-00A0C91BC942}") = "ejs", "ejs.vcxproj", "{655C47CC-D361-451B-8009-FBD34936490A}"
	ProjectSection(ProjectDependencies) = postProject
		{F04D67D6-4D7B-49B4-9E2C-4D2D0B9BDB70} = {F04D67D6-4D7B-49B4-9E2C-4D2D0B9BDB70}
	EndProjectSection
	ProjectSection(ProjectDependencies) = postProject
		{69B09587-AE6B-429E-83B8-8D4040ED85EB} = {69B09587-AE6B-429E-83B8-8D4040ED85EB}
	EndProjectSection
EndProject
Project("{8BC9CEB8-8B4A-11D0-8D11-00A0C91BC942}") = "sqlite", "sqlite.vcxproj", "{0A0A16DF-371B-444F-B05C-69782E279D15}"
EndProject
Project("{8BC9CEB8-8B4A-11D0-8D11-00A0C91BC942}") = "ejs.web", "ejs.web.vcxproj", "{B7FA6F99-60A6-4226-B339-9A0F5BC09250}"
	ProjectSection(ProjectDependencies) = postProject
		{F04D67D6-4D7B-49B4-9E2C-4D2D0B9BDB70} = {F04D67D6-4D7B-49B4-9E2C-4D2D0B9BDB70}
	EndProjectSection
EndProject
Project("{8BC9CEB8-8B4A-11D0-8D11-00A0C91BC942}") = "ejs.db.sqlite", "ejs.db.sqlite.vcxproj", "{225709D5-4B81-4C2B-BAD1-A8F479B0ABA0}"
	ProjectSection(ProjectDependencies) = postProject
		{F04D67D6-4D7B-49B4-9E2C-4D2D0B9BDB70} = {F04D67D6-4D7B-49B4-9E2C-4D2D0B9BDB70}
	EndProjectSection
EndProject
Project("{8BC9CEB8-8B4A-11D0-8D11-00A0C91BC942}") = "http", "http.vcxproj", "{A7A04372-D47B-41E5-BFE4-F125A26C80AA}"
EndProject
Global
	GlobalSection(SolutionConfigurationPlatforms) = preSolution
		Debug|Win32 = Debug|Win32
		Release|Win32 = Release|Win32
	EndGlobalSection
	GlobalSection(ProjectConfigurationPlatforms) = postSolution
{5F10E9D1-9D25-4138-8680-DDA23E01F00A}.Debug|Win32.ActiveCfg = Debug|Win32
{5F10E9D1-9D25-4138-8680-DDA23E01F00A}.Debug|Win32.Build.0 = Debug|Win32
{5F10E9D1-9D25-4138-8680-DDA23E01F00A}.Release|Win32.ActiveCfg = Release|Win32
{5F10E9D1-9D25-4138-8680-DDA23E01F00A}.Release|Win32.Build.0 = Release|Win32
{8CC6BD0E-2BD2-42AA-865C-DDDD6A41C7B7}.Debug|Win32.ActiveCfg = Debug|Win32
{8CC6BD0E-2BD2-42AA-865C-DDDD6A41C7B7}.Debug|Win32.Build.0 = Debug|Win32
{8CC6BD0E-2BD2-42AA-865C-DDDD6A41C7B7}.Release|Win32.ActiveCfg = Release|Win32
{8CC6BD0E-2BD2-42AA-865C-DDDD6A41C7B7}.Release|Win32.Build.0 = Release|Win32
{8DF50032-53AF-4D2A-B7E9-6B4F7DD7CE72}.Debug|Win32.ActiveCfg = Debug|Win32
{8DF50032-53AF-4D2A-B7E9-6B4F7DD7CE72}.Debug|Win32.Build.0 = Debug|Win32
{8DF50032-53AF-4D2A-B7E9-6B4F7DD7CE72}.Release|Win32.ActiveCfg = Release|Win32
{8DF50032-53AF-4D2A-B7E9-6B4F7DD7CE72}.Release|Win32.Build.0 = Release|Win32
{2770FE49-648E-47CE-9BEF-3D4D439CE12F}.Debug|Win32.ActiveCfg = Debug|Win32
{2770FE49-648E-47CE-9BEF-3D4D439CE12F}.Debug|Win32.Build.0 = Debug|Win32
{2770FE49-648E-47CE-9BEF-3D4D439CE12F}.Release|Win32.ActiveCfg = Release|Win32
{2770FE49-648E-47CE-9BEF-3D4D439CE12F}.Release|Win32.Build.0 = Release|Win32
{3DC8C1B0-CF06-4B50-B4BD-4D47B48F3791}.Debug|Win32.ActiveCfg = Debug|Win32
{3DC8C1B0-CF06-4B50-B4BD-4D47B48F3791}.Debug|Win32.Build.0 = Debug|Win32
{3DC8C1B0-CF06-4B50-B4BD-4D47B48F3791}.Release|Win32.ActiveCfg = Release|Win32
{3DC8C1B0-CF06-4B50-B4BD-4D47B48F3791}.Release|Win32.Build.0 = Release|Win32
{EBFFF32F-322D-4095-8964-D29EDC589D3A}.Debug|Win32.ActiveCfg = Debug|Win32
{EBFFF32F-322D-4095-8964-D29EDC589D3A}.Debug|Win32.Build.0 = Debug|Win32
{EBFFF32F-322D-4095-8964-D29EDC589D3A}.Release|Win32.ActiveCfg = Release|Win32
{EBFFF32F-322D-4095-8964-D29EDC589D3A}.Release|Win32.Build.0 = Release|Win32
{42D49714-9973-4E5A-B233-05C755CBAED1}.Debug|Win32.ActiveCfg = Debug|Win32
{42D49714-9973-4E5A-B233-05C755CBAED1}.Debug|Win32.Build.0 = Debug|Win32
{42D49714-9973-4E5A-B233-05C755CBAED1}.Release|Win32.ActiveCfg = Release|Win32
{42D49714-9973-4E5A-B233-05C755CBAED1}.Release|Win32.Build.0 = Release|Win32
{69B09587-AE6B-429E-83B8-8D4040ED85EB}.Debug|Win32.ActiveCfg = Debug|Win32
{69B09587-AE6B-429E-83B8-8D4040ED85EB}.Debug|Win32.Build.0 = Debug|Win32
{69B09587-AE6B-429E-83B8-8D4040ED85EB}.Release|Win32.ActiveCfg = Release|Win32
{69B09587-AE6B-429E-83B8-8D4040ED85EB}.Release|Win32.Build.0 = Release|Win32
{F04D67D6-4D7B-49B4-9E2C-4D2D0B9BDB70}.Debug|Win32.ActiveCfg = Debug|Win32
{F04D67D6-4D7B-49B4-9E2C-4D2D0B9BDB70}.Debug|Win32.Build.0 = Debug|Win32
{F04D67D6-4D7B-49B4-9E2C-4D2D0B9BDB70}.Release|Win32.ActiveCfg = Release|Win32
{F04D67D6-4D7B-49B4-9E2C-4D2D0B9BDB70}.Release|Win32.Build.0 = Release|Win32
{655C47CC-D361-451B-8009-FBD34936490A}.Debug|Win32.ActiveCfg = Debug|Win32
{655C47CC-D361-451B-8009-FBD34936490A}.Debug|Win32.Build.0 = Debug|Win32
{655C47CC-D361-451B-8009-FBD34936490A}.Release|Win32.ActiveCfg = Release|Win32
{655C47CC-D361-451B-8009-FBD34936490A}.Release|Win32.Build.0 = Release|Win32
{0A0A16DF-371B-444F-B05C-69782E279D15}.Debug|Win32.ActiveCfg = Debug|Win32
{0A0A16DF-371B-444F-B05C-69782E279D15}.Debug|Win32.Build.0 = Debug|Win32
{0A0A16DF-371B-444F-B05C-69782E279D15}.Release|Win32.ActiveCfg = Release|Win32
{0A0A16DF-371B-444F-B05C-69782E279D15}.Release|Win32.Build.0 = Release|Win32
{B7FA6F99-60A6-4226-B339-9A0F5BC09250}.Debug|Win32.ActiveCfg = Debug|Win32
{B7FA6F99-60A6-4226-B339-9A0F5BC09250}.Debug|Win32.Build.0 = Debug|Win32
{B7FA6F99-60A6-4226-B339-9A0F5BC09250}.Release|Win32.ActiveCfg = Release|Win32
{B7FA6F99-60A6-4226-B339-9A0F5BC09250}.Release|Win32.Build.0 = Release|Win32
{225709D5-4B81-4C2B-BAD1-A8F479B0ABA0}.Debug|Win32.ActiveCfg = Debug|Win32
{225709D5-4B81-4C2B-BAD1-A8F479B0ABA0}.Debug|Win32.Build.0 = Debug|Win32
{225709D5-4B81-4C2B-BAD1-A8F479B0ABA0}.Release|Win32.ActiveCfg = Release|Win32
{225709D5-4B81-4C2B-BAD1-A8F479B0ABA0}.Release|Win32.Build.0 = Release|Win32
{A7A04372-D47B-41E5-BFE4-F125A26C80AA}.Debug|Win32.ActiveCfg = Debug|Win32
{A7A04372-D47B-41E5-BFE4-F125A26C80AA}.Debug|Win32.Build.0 = Debug|Win32
{A7A04372-D47B-41E5-BFE4-F125A26C80AA}.Release|Win32.ActiveCfg = Release|Win32
{A7A04372-D47B-41E5-BFE4-F125A26C80AA}.Release|Win32.Build.0 = Release|Win32
    EndGlobalSection

	GlobalSection(SolutionProperties) = preSolution
		HideSolutionNode = FALSE
	EndGlobalSection
EndGlobal
